// !$*UTF8*$!
{
	archiveVersion = 1;
	classes = {
	};
	objectVersion = 46;
	objects = {

/* Begin PBXAggregateTarget section */
		46BA4873DC941CDF8927F764 /* All */ = {
			isa = PBXAggregateTarget;
			buildConfigurationList = 131BDDE793F5EDF1F775B801 /* Build configuration list for PBXAggregateTarget "All" */;
			buildPhases = (
			);
			dependencies = (
				7A335C62A5E318F2FDF9E86B /* PBXTargetDependency */,
				34E9C79816903E0580E6EFE8 /* PBXTargetDependency */,
				B4B0E2592E2D4E77E5A85AAB /* PBXTargetDependency */,
			);
			name = All;
			productName = All;
		};
/* End PBXAggregateTarget section */

/* Begin PBXBuildFile section */
		09BFBDB404F334B956320589 /* libfx_agg.a in Frameworks */ = {isa = PBXBuildFile; fileRef = DF73C80DDD0FE00CA3E4315C /* libfx_agg.a */; };
		0E2BACD37A0B237FA5678903 /* libformfiller.a in Frameworks */ = {isa = PBXBuildFile; fileRef = 083E80768B67B18F2343D7FB /* libformfiller.a */; };
		12D1D274C2A8FF3AAC952522 /* libfdrm.a in Frameworks */ = {isa = PBXBuildFile; fileRef = E5A865D8A9E77AC0E34F0872 /* libfdrm.a */; };
		14DDE1F3F02BFC1E9374F4BF /* fx_pngrutil.c in Sources */ = {isa = PBXBuildFile; fileRef = 5665DF968DF386928864F410 /* fx_pngrutil.c */; };
		15D023AAEFA96625186EA8D1 /* fx_pngwrite.c in Sources */ = {isa = PBXBuildFile; fileRef = 259DE7AE1FD1E370BC848C88 /* fx_pngwrite.c */; };
		1961004DC440FE78CD569E3E /* libfx_libjpeg.a in Frameworks */ = {isa = PBXBuildFile; fileRef = B8D3302A56F81015E126DC26 /* libfx_libjpeg.a */; };
		1A89D28926D17D5E59924752 /* fx_pngrio.c in Sources */ = {isa = PBXBuildFile; fileRef = 76D042232ACD92E93DC66617 /* fx_pngrio.c */; };
		1C0B4DA5E7A3265CBF02C580 /* libfreetype.a in Frameworks */ = {isa = PBXBuildFile; fileRef = B5DD2EDEBF68E2F6D49CB4A7 /* libfreetype.a */; };
		1E2D02A0D207567BC63FF449 /* libfxge.a in Frameworks */ = {isa = PBXBuildFile; fileRef = 3DCDD996C36E767F663502F1 /* libfxge.a */; };
		1E56B3353FF60E695A68005D /* libfx_lpng.a in Frameworks */ = {isa = PBXBuildFile; fileRef = C83696E98A56413740E6F042 /* libfx_lpng.a */; };
		2044BB6254ADCF8BB46FE1B8 /* libfxge.a in Frameworks */ = {isa = PBXBuildFile; fileRef = 3DCDD996C36E767F663502F1 /* libfxge.a */; };
		20BFE4FE5D00E00F946BB23A /* libfx_agg.a in Frameworks */ = {isa = PBXBuildFile; fileRef = DF73C80DDD0FE00CA3E4315C /* libfx_agg.a */; };
		2163BB617B7AF97252DDE25E /* libfx_zlib.a in Frameworks */ = {isa = PBXBuildFile; fileRef = 46EEA227AC6B12688170CD48 /* libfx_zlib.a */; };
		2348D40C132C1C48CB601B5E /* fx_pngtrans.c in Sources */ = {isa = PBXBuildFile; fileRef = 9660FF170BA329D7A29B9B8D /* fx_pngtrans.c */; };
		2E368AA57873EC293FCB70A7 /* libfx_lcms2.a in Frameworks */ = {isa = PBXBuildFile; fileRef = 5F7040F7093309D5A081728B /* libfx_lcms2.a */; };
		321A65A7307F5D926CC26A90 /* libfxcrt.a in Frameworks */ = {isa = PBXBuildFile; fileRef = 85FBEA3C500F473727E018CB /* libfxcrt.a */; };
		329D2792E6571F7FC3799B73 /* libfx_zlib.a in Frameworks */ = {isa = PBXBuildFile; fileRef = 46EEA227AC6B12688170CD48 /* libfx_zlib.a */; };
		3317C204FAE7120484A1DB2A /* fx_pngget.c in Sources */ = {isa = PBXBuildFile; fileRef = AD74EC55275CDD73C700246A /* fx_pngget.c */; };
		355442FD6813FE6F18DB27EE /* libfx_lcms2.a in Frameworks */ = {isa = PBXBuildFile; fileRef = 5F7040F7093309D5A081728B /* libfx_lcms2.a */; };
		3910FC01AE0FF949DE4389DF /* libfreetype.a in Frameworks */ = {isa = PBXBuildFile; fileRef = B5DD2EDEBF68E2F6D49CB4A7 /* libfreetype.a */; };
		3BBC6CC39E93E571D9800CDF /* libfxedit.a in Frameworks */ = {isa = PBXBuildFile; fileRef = 601DFD7D5E93B1C8E5D0C29F /* libfxedit.a */; };
		4254DE4208AA6C98B1A08B9A /* libfxcodec.a in Frameworks */ = {isa = PBXBuildFile; fileRef = 445B1F5877E5C1811F4B2218 /* libfxcodec.a */; };
		518DD4C22ADF65DBCA6DECCD /* libfxcrt.a in Frameworks */ = {isa = PBXBuildFile; fileRef = 85FBEA3C500F473727E018CB /* libfxcrt.a */; };
		53533F10DE453B1B20653022 /* libfpdfdoc.a in Frameworks */ = {isa = PBXBuildFile; fileRef = 02286D58495CC8966E3CC2CE /* libfpdfdoc.a */; };
		5394E1D02B3FB740BA16CD54 /* libfpdfdoc.a in Frameworks */ = {isa = PBXBuildFile; fileRef = 02286D58495CC8966E3CC2CE /* libfpdfdoc.a */; };
		53D0D248D6ACE0AC11794BD1 /* image_diff.cc in Sources */ = {isa = PBXBuildFile; fileRef = 8C3A1B31D609AE1CBE363D46 /* image_diff.cc */; };
		55813A3609B9FEBDA2981A2F /* libpdfwindow.a in Frameworks */ = {isa = PBXBuildFile; fileRef = 39CCA5C31AA45DFED1B9EB7E /* libpdfwindow.a */; };
		58E268B425FEE9E1D33DF890 /* libbigint.a in Frameworks */ = {isa = PBXBuildFile; fileRef = 9C8C1C2F0BD521C8BB90B27B /* libbigint.a */; };
		5A51426CCF28795C20DB7668 /* libfpdfapi.a in Frameworks */ = {isa = PBXBuildFile; fileRef = 9305DDA0ACCDC227CA03B915 /* libfpdfapi.a */; };
		5CFC8ED4E42DD8014F90F628 /* libbigint.a in Frameworks */ = {isa = PBXBuildFile; fileRef = 9C8C1C2F0BD521C8BB90B27B /* libbigint.a */; };
		65CBF863B4BE232706481386 /* libfpdftext.a in Frameworks */ = {isa = PBXBuildFile; fileRef = D14A90F9DC915C1C7A6C9BEB /* libfpdftext.a */; };
		691DBDB90EA554E8BC66F67F /* libpdfium.a in Frameworks */ = {isa = PBXBuildFile; fileRef = F53A79DA1C099B7B559CC890 /* libpdfium.a */; };
		6A607C754C4ECB9863113C78 /* libpdfwindow.a in Frameworks */ = {isa = PBXBuildFile; fileRef = 39CCA5C31AA45DFED1B9EB7E /* libpdfwindow.a */; };
		6B7E75CA94AE009EF661D385 /* AppKit.framework in Frameworks */ = {isa = PBXBuildFile; fileRef = 73030B5AEDA94671A2765230 /* AppKit.framework */; };
		7287E76DA1FD2808D1772B1F /* libfpdfapi.a in Frameworks */ = {isa = PBXBuildFile; fileRef = 9305DDA0ACCDC227CA03B915 /* libfpdfapi.a */; };
		7B9E134CA9E1351F950840A9 /* libfx_libjpeg.a in Frameworks */ = {isa = PBXBuildFile; fileRef = B8D3302A56F81015E126DC26 /* libfx_libjpeg.a */; };
		8EEDE003C5F7E27689D351ED /* -lfpdfapi in Frameworks */ = {isa = PBXBuildFile; fileRef = 673E92BF95E57485A848DB80 /* -lfpdfapi */; };
		941DB4A9E80C22B70E089E7E /* libfxedit.a in Frameworks */ = {isa = PBXBuildFile; fileRef = 601DFD7D5E93B1C8E5D0C29F /* libfxedit.a */; };
		945E2ECDCFFCBEDB6C85746E /* libfpdftext.a in Frameworks */ = {isa = PBXBuildFile; fileRef = D14A90F9DC915C1C7A6C9BEB /* libfpdftext.a */; };
		95014BAC9A9B00B422EDCDFA /* libpdfium.a in Frameworks */ = {isa = PBXBuildFile; fileRef = F53A79DA1C099B7B559CC890 /* libpdfium.a */; };
		95514973557C5B9BC92E96E9 /* fx_pngwtran.c in Sources */ = {isa = PBXBuildFile; fileRef = 27B53A24AC8F5FB8348A0FA8 /* fx_pngwtran.c */; };
		95FE39C0ECCDE3593E8F98A7 /* libfx_libopenjpeg.a in Frameworks */ = {isa = PBXBuildFile; fileRef = 1733C6E870AB0F2D18F52F8A /* libfx_libopenjpeg.a */; };
		97D4614FA6F286C9CC5327EE /* fx_pngerror.c in Sources */ = {isa = PBXBuildFile; fileRef = 83C48D29EDF7352B2C5AB817 /* fx_pngerror.c */; };
		987FD9D9640843CF0C53FFA3 /* libfx_lpng.a in Frameworks */ = {isa = PBXBuildFile; fileRef = C83696E98A56413740E6F042 /* libfx_lpng.a */; };
		9DC31A08417B1CF7675AC28F /* libfdrm.a in Frameworks */ = {isa = PBXBuildFile; fileRef = E5A865D8A9E77AC0E34F0872 /* libfdrm.a */; };
		A059EFC6501A62794793DED7 /* image_diff_png.cc in Sources */ = {isa = PBXBuildFile; fileRef = 9EDB68827FCD2C802988E3B1 /* image_diff_png.cc */; };
		A134E5519C4B5A43C565C4B0 /* CoreFoundation.framework in Frameworks */ = {isa = PBXBuildFile; fileRef = 55E735A6615884780238BE5B /* CoreFoundation.framework */; };
		A523C331325E847D45D2581D /* -lfpdfapi in Frameworks */ = {isa = PBXBuildFile; fileRef = 673E92BF95E57485A848DB80 /* -lfpdfapi */; };
		B3656D33C7E5027F20D60516 /* fx_png.c in Sources */ = {isa = PBXBuildFile; fileRef = 5446872FB48F79D2E873E234 /* fx_png.c */; };
		B80E2860A8B35B6A3B4B8885 /* libformfiller.a in Frameworks */ = {isa = PBXBuildFile; fileRef = 083E80768B67B18F2343D7FB /* libformfiller.a */; };
		CA340435C6EDEE5F7CC6170C /* image_diff_png.cc in Sources */ = {isa = PBXBuildFile; fileRef = 9EDB68827FCD2C802988E3B1 /* image_diff_png.cc */; };
		CFFED6E8A2EC6F89798D63BD /* fx_pngrtran.c in Sources */ = {isa = PBXBuildFile; fileRef = 13343B1347EE7EABDE2DA4CA /* fx_pngrtran.c */; };
		D1556230024F9D92D3750D7C /* fx_pngpread.c in Sources */ = {isa = PBXBuildFile; fileRef = 75B1BF096ABBBE35DBC23200 /* fx_pngpread.c */; };
		D26E5AA883AE6194A8D78680 /* pdfium_test.cc in Sources */ = {isa = PBXBuildFile; fileRef = 133DEDDB25CE2F556485A5A6 /* pdfium_test.cc */; };
		D3E7FBC4DF281E64D55A62DC /* libfx_libopenjpeg.a in Frameworks */ = {isa = PBXBuildFile; fileRef = 1733C6E870AB0F2D18F52F8A /* libfx_libopenjpeg.a */; };
		D488D26A74B55E884A647F2C /* fx_pngread.c in Sources */ = {isa = PBXBuildFile; fileRef = 5933570974FEB6FE82D9ADFC /* fx_pngread.c */; };
		D4DC216FB26738CAC8EFC838 /* fx_pngmem.c in Sources */ = {isa = PBXBuildFile; fileRef = 84AB3DB1563DDFF0967CFF98 /* fx_pngmem.c */; };
		E911A01BF4807FEC87BEA173 /* fx_pngwutil.c in Sources */ = {isa = PBXBuildFile; fileRef = F1DE2E7D3B534ADB61D8C423 /* fx_pngwutil.c */; };
		ED3BE9C32994ED48E131FAC2 /* libfxcodec.a in Frameworks */ = {isa = PBXBuildFile; fileRef = 445B1F5877E5C1811F4B2218 /* libfxcodec.a */; };
		F196219B3FB893DBE851939E /* fx_pngwio.c in Sources */ = {isa = PBXBuildFile; fileRef = 3D28E914D49E17FE12E01EAF /* fx_pngwio.c */; };
		F38E780FE819BFAF2854ECF5 /* AppKit.framework in Frameworks */ = {isa = PBXBuildFile; fileRef = 73030B5AEDA94671A2765230 /* AppKit.framework */; };
		F43D17C032F8D82481AD35A3 /* fx_pngset.c in Sources */ = {isa = PBXBuildFile; fileRef = ED0DA79BF01BE37E90B7F72F /* fx_pngset.c */; };
		FCDC1BDCAE69FB3B46829329 /* CoreFoundation.framework in Frameworks */ = {isa = PBXBuildFile; fileRef = 55E735A6615884780238BE5B /* CoreFoundation.framework */; };
/* End PBXBuildFile section */

/* Begin PBXContainerItemProxy section */
		07535BDA5F7908978D9A437C /* PBXContainerItemProxy */ = {
			isa = PBXContainerItemProxy;
			containerPortal = D2CB2A9626673EA69ACB2BF4 /* pdfium.xcodeproj */;
			proxyType = 2;
			remoteGlobalIDString = A303B35FBE8D29F29C62D3FF;
			remoteInfo = fpdftext;
		};
		09A97BE1078C3A3D3613BF3C /* PBXContainerItemProxy */ = {
			isa = PBXContainerItemProxy;
			containerPortal = 81C8527D817D68E19AC11ED4 /* third_party.xcodeproj */;
			proxyType = 2;
			remoteGlobalIDString = 785C8C444EF37093699DB865;
			remoteInfo = fx_libjpeg;
		};
		0B85ADBBA87DC651DBFDFBA6 /* PBXContainerItemProxy */ = {
			isa = PBXContainerItemProxy;
			containerPortal = 81C8527D817D68E19AC11ED4 /* third_party.xcodeproj */;
			proxyType = 2;
			remoteGlobalIDString = BB0497ABD7A52FEC5C493F4C;
			remoteInfo = fx_agg;
		};
		0C165B0B77AF360F2436A97B /* PBXContainerItemProxy */ = {
			isa = PBXContainerItemProxy;
			containerPortal = D173C88AE23796AF9607E9D9 /* Project object */;
			proxyType = 1;
			remoteGlobalIDString = DC7F67EFD2409364F1A04603;
			remoteInfo = fx_lpng;
		};
		0C599445A1A75485A8FB654B /* PBXContainerItemProxy */ = {
			isa = PBXContainerItemProxy;
			containerPortal = 81C8527D817D68E19AC11ED4 /* third_party.xcodeproj */;
			proxyType = 1;
			remoteGlobalIDString = 0AB4318A9796D284145943CE;
			remoteInfo = fx_libjpeg;
		};
		0F1AB2E5B31A08B52B45C7E7 /* PBXContainerItemProxy */ = {
			isa = PBXContainerItemProxy;
			containerPortal = 81C8527D817D68E19AC11ED4 /* third_party.xcodeproj */;
			proxyType = 2;
			remoteGlobalIDString = F7AE0061FACB6B6975C25D37;
			remoteInfo = freetype;
		};
		131340831B68E308CE3AB45D /* PBXContainerItemProxy */ = {
			isa = PBXContainerItemProxy;
			containerPortal = 81C8527D817D68E19AC11ED4 /* third_party.xcodeproj */;
			proxyType = 1;
			remoteGlobalIDString = 0AB4318A9796D284145943CE;
			remoteInfo = fx_libjpeg;
		};
		1868E049505D3D6F9085375B /* PBXContainerItemProxy */ = {
			isa = PBXContainerItemProxy;
			containerPortal = 81C8527D817D68E19AC11ED4 /* third_party.xcodeproj */;
			proxyType = 2;
			remoteGlobalIDString = E751105867B0EBEC29B06AAD;
			remoteInfo = fx_lcms2;
		};
		18D66DC73EBAC3978A0E807E /* PBXContainerItemProxy */ = {
			isa = PBXContainerItemProxy;
			containerPortal = D2CB2A9626673EA69ACB2BF4 /* pdfium.xcodeproj */;
			proxyType = 2;
			remoteGlobalIDString = 244CD81166C3BE217A345AA1;
			remoteInfo = fxcrt;
		};
		230CE61CE0E1843D0DD4A1A3 /* PBXContainerItemProxy */ = {
			isa = PBXContainerItemProxy;
			containerPortal = D2CB2A9626673EA69ACB2BF4 /* pdfium.xcodeproj */;
			proxyType = 1;
			remoteGlobalIDString = D673B8C232C14439754E5FD2;
			remoteInfo = fpdfapi;
		};
		29F95F2C47D2F1C0D1C3BDAA /* PBXContainerItemProxy */ = {
			isa = PBXContainerItemProxy;
			containerPortal = D2CB2A9626673EA69ACB2BF4 /* pdfium.xcodeproj */;
			proxyType = 2;
			remoteGlobalIDString = 7CABE0FD23D84EB86D9755FC;
			remoteInfo = pdfium;
		};
		2B9DD6AA921E29174C9140F6 /* PBXContainerItemProxy */ = {
			isa = PBXContainerItemProxy;
			containerPortal = 81C8527D817D68E19AC11ED4 /* third_party.xcodeproj */;
			proxyType = 1;
			remoteGlobalIDString = A87BBA27AD105AC3B36DEDAF;
			remoteInfo = bigint;
		};
		367F2647E40BCEF00B5703E7 /* PBXContainerItemProxy */ = {
			isa = PBXContainerItemProxy;
			containerPortal = D173C88AE23796AF9607E9D9 /* Project object */;
			proxyType = 1;
			remoteGlobalIDString = 135A5A7453BAA0A1B9CA22A8;
			remoteInfo = pdfium_test;
		};
		36B341C8695886DCF18885A8 /* PBXContainerItemProxy */ = {
			isa = PBXContainerItemProxy;
			containerPortal = 81C8527D817D68E19AC11ED4 /* third_party.xcodeproj */;
			proxyType = 2;
			remoteGlobalIDString = 908373F5C1D662B3A1E5613E;
			remoteInfo = bigint;
		};
		3722B5D2645280D3B7EAFCF1 /* PBXContainerItemProxy */ = {
			isa = PBXContainerItemProxy;
			containerPortal = 81C8527D817D68E19AC11ED4 /* third_party.xcodeproj */;
			proxyType = 1;
			remoteGlobalIDString = 4784E06A4293E56767C38DB1;
			remoteInfo = freetype;
		};
		3823193CB1C7B56A05579F70 /* PBXContainerItemProxy */ = {
			isa = PBXContainerItemProxy;
			containerPortal = 81C8527D817D68E19AC11ED4 /* third_party.xcodeproj */;
			proxyType = 1;
			remoteGlobalIDString = 646ED769D534781766BFE1FE;
			remoteInfo = pdfium_base;
		};
		389424F8F58D9C81783C5A38 /* PBXContainerItemProxy */ = {
			isa = PBXContainerItemProxy;
			containerPortal = 81C8527D817D68E19AC11ED4 /* third_party.xcodeproj */;
			proxyType = 1;
			remoteGlobalIDString = 831B0161EAA4793E79F1F237;
			remoteInfo = fx_agg;
		};
		38CC91E1AE6111A9F5EFC898 /* PBXContainerItemProxy */ = {
			isa = PBXContainerItemProxy;
			containerPortal = D2CB2A9626673EA69ACB2BF4 /* pdfium.xcodeproj */;
			proxyType = 1;
			remoteGlobalIDString = 331D706587D77A86D4289326;
			remoteInfo = fpdfdoc;
		};
		3ECAAD28478025AF44279763 /* PBXContainerItemProxy */ = {
			isa = PBXContainerItemProxy;
			containerPortal = D2CB2A9626673EA69ACB2BF4 /* pdfium.xcodeproj */;
			proxyType = 2;
			remoteGlobalIDString = AF536D996BCF3362F60944BE;
			remoteInfo = pdfwindow;
		};
		42F007C645D22CA0CD0F291A /* PBXContainerItemProxy */ = {
			isa = PBXContainerItemProxy;
			containerPortal = D173C88AE23796AF9607E9D9 /* Project object */;
			proxyType = 1;
			remoteGlobalIDString = DC7F67EFD2409364F1A04603;
			remoteInfo = fx_lpng;
		};
		46F4EDE4180C9792BF92534A /* PBXContainerItemProxy */ = {
			isa = PBXContainerItemProxy;
			containerPortal = 81C8527D817D68E19AC11ED4 /* third_party.xcodeproj */;
			proxyType = 2;
			remoteGlobalIDString = A201E04B72260DC19E452DFA;
			remoteInfo = fx_libopenjpeg;
		};
		47C583F31A8D8AD282D8B495 /* PBXContainerItemProxy */ = {
			isa = PBXContainerItemProxy;
			containerPortal = D2CB2A9626673EA69ACB2BF4 /* pdfium.xcodeproj */;
			proxyType = 2;
			remoteGlobalIDString = 40BF0FE0E77F445699A9E80B;
			remoteInfo = fdrm;
		};
		54F89B1CAFADF20B2ABC1D28 /* PBXContainerItemProxy */ = {
			isa = PBXContainerItemProxy;
			containerPortal = D2CB2A9626673EA69ACB2BF4 /* pdfium.xcodeproj */;
			proxyType = 1;
			remoteGlobalIDString = BB087FB771A2B34BFE4DC47E;
			remoteInfo = fxge;
		};
		5A9BA581F236AA9F06BF9626 /* PBXContainerItemProxy */ = {
			isa = PBXContainerItemProxy;
			containerPortal = D2CB2A9626673EA69ACB2BF4 /* pdfium.xcodeproj */;
			proxyType = 1;
			remoteGlobalIDString = A7DE7E7BD7EBF44F7E06834A;
			remoteInfo = fxcodec;
		};
		5F0F3439FC96D94A25A46685 /* PBXContainerItemProxy */ = {
			isa = PBXContainerItemProxy;
			containerPortal = D2CB2A9626673EA69ACB2BF4 /* pdfium.xcodeproj */;
			proxyType = 1;
			remoteGlobalIDString = 54B62CEF4E3E6CC495F69090;
			remoteInfo = pdfium;
		};
		613D2EB9D8F1719D89713336 /* PBXContainerItemProxy */ = {
			isa = PBXContainerItemProxy;
			containerPortal = D2CB2A9626673EA69ACB2BF4 /* pdfium.xcodeproj */;
			proxyType = 1;
			remoteGlobalIDString = 2B38B34EFD4FE1C283604614;
			remoteInfo = formfiller;
		};
		61F6B18EBE137A1AC10DD3C9 /* PBXContainerItemProxy */ = {
			isa = PBXContainerItemProxy;
			containerPortal = D2CB2A9626673EA69ACB2BF4 /* pdfium.xcodeproj */;
			proxyType = 1;
			remoteGlobalIDString = 18C4EF5F764DC857EB4A5399;
			remoteInfo = fdrm;
		};
		64A4B12DF598E6DFEBE59C59 /* PBXContainerItemProxy */ = {
			isa = PBXContainerItemProxy;
			containerPortal = D2CB2A9626673EA69ACB2BF4 /* pdfium.xcodeproj */;
			proxyType = 1;
			remoteGlobalIDString = 0466BE87F426060C1E589326;
			remoteInfo = fxcrt;
		};
		660D7D4053A8094ECB01CF46 /* PBXContainerItemProxy */ = {
			isa = PBXContainerItemProxy;
			containerPortal = D2CB2A9626673EA69ACB2BF4 /* pdfium.xcodeproj */;
			proxyType = 2;
			remoteGlobalIDString = C511F255CE5AD8A55D7E3A15;
			remoteInfo = fxedit;
		};
		666A00054B88024942DBF348 /* PBXContainerItemProxy */ = {
			isa = PBXContainerItemProxy;
			containerPortal = 81C8527D817D68E19AC11ED4 /* third_party.xcodeproj */;
			proxyType = 1;
			remoteGlobalIDString = A87BBA27AD105AC3B36DEDAF;
			remoteInfo = bigint;
		};
		692905C07C8A73262F4CFE38 /* PBXContainerItemProxy */ = {
			isa = PBXContainerItemProxy;
			containerPortal = 81C8527D817D68E19AC11ED4 /* third_party.xcodeproj */;
			proxyType = 1;
			remoteGlobalIDString = 831B0161EAA4793E79F1F237;
			remoteInfo = fx_agg;
		};
		69645A7FFD4CF87A27F7A776 /* PBXContainerItemProxy */ = {
			isa = PBXContainerItemProxy;
			containerPortal = D2CB2A9626673EA69ACB2BF4 /* pdfium.xcodeproj */;
			proxyType = 1;
			remoteGlobalIDString = 0466BE87F426060C1E589326;
			remoteInfo = fxcrt;
		};
		6F1619FABF4AEDF169D2DC62 /* PBXContainerItemProxy */ = {
			isa = PBXContainerItemProxy;
			containerPortal = D2CB2A9626673EA69ACB2BF4 /* pdfium.xcodeproj */;
			proxyType = 2;
			remoteGlobalIDString = 843486EBECEE73A5D48B3A16;
			remoteInfo = fxcodec;
		};
		7533FADDF04D3FBB1E26AC68 /* PBXContainerItemProxy */ = {
			isa = PBXContainerItemProxy;
			containerPortal = D2CB2A9626673EA69ACB2BF4 /* pdfium.xcodeproj */;
			proxyType = 1;
			remoteGlobalIDString = FFBAE157DEA1F41FC94121CE;
			remoteInfo = fpdftext;
		};
		8587E0AF46F0AB4B1D6D739E /* PBXContainerItemProxy */ = {
			isa = PBXContainerItemProxy;
			containerPortal = D2CB2A9626673EA69ACB2BF4 /* pdfium.xcodeproj */;
			proxyType = 1;
			remoteGlobalIDString = 54B62CEF4E3E6CC495F69090;
			remoteInfo = pdfium;
		};
		8632D273881033262853877F /* PBXContainerItemProxy */ = {
			isa = PBXContainerItemProxy;
			containerPortal = 81C8527D817D68E19AC11ED4 /* third_party.xcodeproj */;
			proxyType = 2;
			remoteGlobalIDString = 6403B35B867FB608C629D357;
			remoteInfo = fx_zlib;
		};
		8B1BBA4C712EF3FED91D2706 /* PBXContainerItemProxy */ = {
			isa = PBXContainerItemProxy;
			containerPortal = 81C8527D817D68E19AC11ED4 /* third_party.xcodeproj */;
			proxyType = 1;
			remoteGlobalIDString = 0CD94E557B684794AEA50708;
			remoteInfo = fx_libopenjpeg;
		};
		8B7BAB00CF1DB088F8FB7180 /* PBXContainerItemProxy */ = {
			isa = PBXContainerItemProxy;
			containerPortal = D2CB2A9626673EA69ACB2BF4 /* pdfium.xcodeproj */;
			proxyType = 1;
			remoteGlobalIDString = FFBAE157DEA1F41FC94121CE;
			remoteInfo = fpdftext;
		};
		8B7BDFB329BE8609346AB37C /* PBXContainerItemProxy */ = {
			isa = PBXContainerItemProxy;
			containerPortal = 81C8527D817D68E19AC11ED4 /* third_party.xcodeproj */;
			proxyType = 1;
			remoteGlobalIDString = D7DE9E3184A28C4186199358;
			remoteInfo = fx_zlib;
		};
		9310274CE00520573AA55A98 /* PBXContainerItemProxy */ = {
			isa = PBXContainerItemProxy;
			containerPortal = 81C8527D817D68E19AC11ED4 /* third_party.xcodeproj */;
			proxyType = 1;
			remoteGlobalIDString = C94B0904B26820DAFBF21994;
			remoteInfo = fx_lcms2;
		};
		962BFF178643931E4143A0B8 /* PBXContainerItemProxy */ = {
			isa = PBXContainerItemProxy;
			containerPortal = D2CB2A9626673EA69ACB2BF4 /* pdfium.xcodeproj */;
			proxyType = 2;
			remoteGlobalIDString = 82B38EC8542B2DAA5A9E852B;
			remoteInfo = pdfium_unittests;
		};
		971D8A533F2AC90D03E513CC /* PBXContainerItemProxy */ = {
			isa = PBXContainerItemProxy;
			containerPortal = 81C8527D817D68E19AC11ED4 /* third_party.xcodeproj */;
			proxyType = 1;
			remoteGlobalIDString = D7DE9E3184A28C4186199358;
			remoteInfo = fx_zlib;
		};
		9F412775BA4E435879582C8F /* PBXContainerItemProxy */ = {
			isa = PBXContainerItemProxy;
			containerPortal = D2CB2A9626673EA69ACB2BF4 /* pdfium.xcodeproj */;
			proxyType = 1;
			remoteGlobalIDString = FC21061A2D9A84C679B2F774;
			remoteInfo = pdfwindow;
		};
		A0AE165B4B7729B201A5C13B /* PBXContainerItemProxy */ = {
			isa = PBXContainerItemProxy;
			containerPortal = D2CB2A9626673EA69ACB2BF4 /* pdfium.xcodeproj */;
			proxyType = 1;
			remoteGlobalIDString = 2B38B34EFD4FE1C283604614;
			remoteInfo = formfiller;
		};
		A33A642C0212299F11F3A2EF /* PBXContainerItemProxy */ = {
			isa = PBXContainerItemProxy;
			containerPortal = 81C8527D817D68E19AC11ED4 /* third_party.xcodeproj */;
			proxyType = 1;
			remoteGlobalIDString = C94B0904B26820DAFBF21994;
			remoteInfo = fx_lcms2;
		};
		AB841701AD3425FB4A810600 /* PBXContainerItemProxy */ = {
			isa = PBXContainerItemProxy;
			containerPortal = D2CB2A9626673EA69ACB2BF4 /* pdfium.xcodeproj */;
			proxyType = 1;
			remoteGlobalIDString = 18C4EF5F764DC857EB4A5399;
			remoteInfo = fdrm;
		};
		ABF07DF5A2DBE4ADF471A287 /* PBXContainerItemProxy */ = {
			isa = PBXContainerItemProxy;
			containerPortal = 81C8527D817D68E19AC11ED4 /* third_party.xcodeproj */;
			proxyType = 1;
			remoteGlobalIDString = 4784E06A4293E56767C38DB1;
			remoteInfo = freetype;
		};
		B221D420684B70FAFEB8DE04 /* PBXContainerItemProxy */ = {
			isa = PBXContainerItemProxy;
			containerPortal = D173C88AE23796AF9607E9D9 /* Project object */;
			proxyType = 1;
			remoteGlobalIDString = DC7F67EFD2409364F1A04603;
			remoteInfo = fx_lpng;
		};
		B6961E9EC88E823D0E3918D8 /* PBXContainerItemProxy */ = {
			isa = PBXContainerItemProxy;
			containerPortal = D2CB2A9626673EA69ACB2BF4 /* pdfium.xcodeproj */;
			proxyType = 2;
			remoteGlobalIDString = B4620F4B1F34CE175B1F9CEF;
			remoteInfo = fpdfapi;
		};
		B861BCE2FBF8954E1EF62C1C /* PBXContainerItemProxy */ = {
			isa = PBXContainerItemProxy;
			containerPortal = D173C88AE23796AF9607E9D9 /* Project object */;
			proxyType = 1;
			remoteGlobalIDString = 06EAD64C17A009928F81E155;
			remoteInfo = pdfium_diff;
		};
		BE81F5EBA77A27CEBB78E4B9 /* PBXContainerItemProxy */ = {
			isa = PBXContainerItemProxy;
			containerPortal = 81C8527D817D68E19AC11ED4 /* third_party.xcodeproj */;
			proxyType = 1;
			remoteGlobalIDString = 646ED769D534781766BFE1FE;
			remoteInfo = pdfium_base;
		};
		C2B4BDA1602239F713E7D653 /* PBXContainerItemProxy */ = {
			isa = PBXContainerItemProxy;
			containerPortal = D2CB2A9626673EA69ACB2BF4 /* pdfium.xcodeproj */;
			proxyType = 1;
			remoteGlobalIDString = 331D706587D77A86D4289326;
			remoteInfo = fpdfdoc;
		};
		C39034A72B8600102E6B58EC /* PBXContainerItemProxy */ = {
			isa = PBXContainerItemProxy;
			containerPortal = D2CB2A9626673EA69ACB2BF4 /* pdfium.xcodeproj */;
			proxyType = 1;
			remoteGlobalIDString = 200992C0D0CB89FCD7950534;
			remoteInfo = fxedit;
		};
		C6B158645FDE6E47A5CB9C8D /* PBXContainerItemProxy */ = {
			isa = PBXContainerItemProxy;
			containerPortal = D2CB2A9626673EA69ACB2BF4 /* pdfium.xcodeproj */;
			proxyType = 2;
			remoteGlobalIDString = 8E93401C2333E3271576F978;
			remoteInfo = fxge;
		};
		CA68ABDFFD24655188BEB44A /* PBXContainerItemProxy */ = {
			isa = PBXContainerItemProxy;
			containerPortal = D2CB2A9626673EA69ACB2BF4 /* pdfium.xcodeproj */;
			proxyType = 2;
			remoteGlobalIDString = B07BDC4F219556378AFECD9F;
			remoteInfo = pdfium_embeddertests;
		};
		CED3CB089EC9E57BCCB94248 /* PBXContainerItemProxy */ = {
			isa = PBXContainerItemProxy;
			containerPortal = 81C8527D817D68E19AC11ED4 /* third_party.xcodeproj */;
			proxyType = 1;
			remoteGlobalIDString = 0CD94E557B684794AEA50708;
			remoteInfo = fx_libopenjpeg;
		};
		CFDAE2A8C4D398F881A63634 /* PBXContainerItemProxy */ = {
			isa = PBXContainerItemProxy;
			containerPortal = D2CB2A9626673EA69ACB2BF4 /* pdfium.xcodeproj */;
			proxyType = 1;
			remoteGlobalIDString = D673B8C232C14439754E5FD2;
			remoteInfo = fpdfapi;
		};
		D028988CFD06DB9650B23350 /* PBXContainerItemProxy */ = {
			isa = PBXContainerItemProxy;
			containerPortal = D2CB2A9626673EA69ACB2BF4 /* pdfium.xcodeproj */;
			proxyType = 1;
			remoteGlobalIDString = A7DE7E7BD7EBF44F7E06834A;
			remoteInfo = fxcodec;
		};
		D065C6483B7967D79A0DF04E /* PBXContainerItemProxy */ = {
			isa = PBXContainerItemProxy;
			containerPortal = D2CB2A9626673EA69ACB2BF4 /* pdfium.xcodeproj */;
			proxyType = 1;
			remoteGlobalIDString = 200992C0D0CB89FCD7950534;
			remoteInfo = fxedit;
		};
		DB4C9862FB0A69E9679F8C5B /* PBXContainerItemProxy */ = {
			isa = PBXContainerItemProxy;
			containerPortal = D2CB2A9626673EA69ACB2BF4 /* pdfium.xcodeproj */;
			proxyType = 2;
			remoteGlobalIDString = B5BB5945BFECEE116D73CF38;
			remoteInfo = formfiller;
		};
		DC0384B0659CC7D548019986 /* PBXContainerItemProxy */ = {
			isa = PBXContainerItemProxy;
			containerPortal = D2CB2A9626673EA69ACB2BF4 /* pdfium.xcodeproj */;
			proxyType = 2;
			remoteGlobalIDString = 98ABFD36238111998AC3F97B;
			remoteInfo = fpdfdoc;
		};
		E0E8CB4B620CDDF904DA9BB5 /* PBXContainerItemProxy */ = {
			isa = PBXContainerItemProxy;
			containerPortal = D2CB2A9626673EA69ACB2BF4 /* pdfium.xcodeproj */;
			proxyType = 1;
			remoteGlobalIDString = BB087FB771A2B34BFE4DC47E;
			remoteInfo = fxge;
		};
		EB8E5AE22B572E5753CFD79A /* PBXContainerItemProxy */ = {
			isa = PBXContainerItemProxy;
			containerPortal = D2CB2A9626673EA69ACB2BF4 /* pdfium.xcodeproj */;
			proxyType = 1;
			remoteGlobalIDString = FC21061A2D9A84C679B2F774;
			remoteInfo = pdfwindow;
		};
/* End PBXContainerItemProxy section */

/* Begin PBXFileReference section */
		13343B1347EE7EABDE2DA4CA /* fx_pngrtran.c */ = {isa = PBXFileReference; lastKnownFileType = sourcecode.c.c; path = fx_pngrtran.c; sourceTree = "<group>"; };
		133DEDDB25CE2F556485A5A6 /* pdfium_test.cc */ = {isa = PBXFileReference; lastKnownFileType = sourcecode.cpp.cpp; path = pdfium_test.cc; sourceTree = "<group>"; };
		1D17609DF762463E4AA4FF34 /* pdfium_diff */ = {isa = PBXFileReference; explicitFileType = "compiled.mach-o.executable"; includeInIndex = 0; path = pdfium_diff; sourceTree = BUILT_PRODUCTS_DIR; };
		259DE7AE1FD1E370BC848C88 /* fx_pngwrite.c */ = {isa = PBXFileReference; lastKnownFileType = sourcecode.c.c; path = fx_pngwrite.c; sourceTree = "<group>"; };
		27B53A24AC8F5FB8348A0FA8 /* fx_pngwtran.c */ = {isa = PBXFileReference; lastKnownFileType = sourcecode.c.c; path = fx_pngwtran.c; sourceTree = "<group>"; };
		3D28E914D49E17FE12E01EAF /* fx_pngwio.c */ = {isa = PBXFileReference; lastKnownFileType = sourcecode.c.c; path = fx_pngwio.c; sourceTree = "<group>"; };
		5446872FB48F79D2E873E234 /* fx_png.c */ = {isa = PBXFileReference; lastKnownFileType = sourcecode.c.c; path = fx_png.c; sourceTree = "<group>"; };
		55E735A6615884780238BE5B /* CoreFoundation.framework */ = {isa = PBXFileReference; lastKnownFileType = wrapper.framework; name = CoreFoundation.framework; path = System/Library/Frameworks/CoreFoundation.framework; sourceTree = SDKROOT; };
		5665DF968DF386928864F410 /* fx_pngrutil.c */ = {isa = PBXFileReference; lastKnownFileType = sourcecode.c.c; path = fx_pngrutil.c; sourceTree = "<group>"; };
		5933570974FEB6FE82D9ADFC /* fx_pngread.c */ = {isa = PBXFileReference; lastKnownFileType = sourcecode.c.c; path = fx_pngread.c; sourceTree = "<group>"; };
		673E92BF95E57485A848DB80 /* -lfpdfapi */ = {isa = PBXFileReference; lastKnownFileType = text; path = "-lfpdfapi"; sourceTree = "<group>"; };
		70B841E2059AE94D9FC293B0 /* standalone.gypi */ = {isa = PBXFileReference; explicitFileType = sourcecode; name = standalone.gypi; path = ../build/standalone.gypi; sourceTree = "<group>"; };
		73030B5AEDA94671A2765230 /* AppKit.framework */ = {isa = PBXFileReference; lastKnownFileType = wrapper.framework; name = AppKit.framework; path = System/Library/Frameworks/AppKit.framework; sourceTree = SDKROOT; };
		75B1BF096ABBBE35DBC23200 /* fx_pngpread.c */ = {isa = PBXFileReference; lastKnownFileType = sourcecode.c.c; path = fx_pngpread.c; sourceTree = "<group>"; };
		76D042232ACD92E93DC66617 /* fx_pngrio.c */ = {isa = PBXFileReference; lastKnownFileType = sourcecode.c.c; path = fx_pngrio.c; sourceTree = "<group>"; };
		76ED268AEF6B00B14B7A80DA /* fx_png.h */ = {isa = PBXFileReference; lastKnownFileType = sourcecode.c.h; path = fx_png.h; sourceTree = "<group>"; };
		7774C897B3691216DAAB3642 /* javascript.gypi */ = {isa = PBXFileReference; explicitFileType = sourcecode; name = javascript.gypi; path = ../javascript.gypi; sourceTree = "<group>"; };
		81C8527D817D68E19AC11ED4 /* third_party.xcodeproj */ = {isa = PBXFileReference; lastKnownFileType = "wrapper.pb-project"; name = third_party.xcodeproj; path = ../third_party/third_party.xcodeproj; sourceTree = SOURCE_ROOT; };
		83C48D29EDF7352B2C5AB817 /* fx_pngerror.c */ = {isa = PBXFileReference; lastKnownFileType = sourcecode.c.c; path = fx_pngerror.c; sourceTree = "<group>"; };
		84AB3DB1563DDFF0967CFF98 /* fx_pngmem.c */ = {isa = PBXFileReference; lastKnownFileType = sourcecode.c.c; path = fx_pngmem.c; sourceTree = "<group>"; };
		8C3A1B31D609AE1CBE363D46 /* image_diff.cc */ = {isa = PBXFileReference; lastKnownFileType = sourcecode.cpp.cpp; path = image_diff.cc; sourceTree = "<group>"; };
		9660FF170BA329D7A29B9B8D /* fx_pngtrans.c */ = {isa = PBXFileReference; lastKnownFileType = sourcecode.c.c; path = fx_pngtrans.c; sourceTree = "<group>"; };
		9EDB68827FCD2C802988E3B1 /* image_diff_png.cc */ = {isa = PBXFileReference; lastKnownFileType = sourcecode.cpp.cpp; path = image_diff_png.cc; sourceTree = "<group>"; };
		AD74EC55275CDD73C700246A /* fx_pngget.c */ = {isa = PBXFileReference; lastKnownFileType = sourcecode.c.c; path = fx_pngget.c; sourceTree = "<group>"; };
		B042DAFE9C218AFC735E244E /* samples.gyp */ = {isa = PBXFileReference; explicitFileType = sourcecode; path = samples.gyp; sourceTree = "<group>"; };
		BB9F1367037D5BD4DD1AAC7A /* pdfium_test */ = {isa = PBXFileReference; explicitFileType = "compiled.mach-o.executable"; includeInIndex = 0; path = pdfium_test; sourceTree = BUILT_PRODUCTS_DIR; };
		C83696E98A56413740E6F042 /* libfx_lpng.a */ = {isa = PBXFileReference; explicitFileType = archive.ar; includeInIndex = 0; path = libfx_lpng.a; sourceTree = BUILT_PRODUCTS_DIR; };
		D2CB2A9626673EA69ACB2BF4 /* pdfium.xcodeproj */ = {isa = PBXFileReference; lastKnownFileType = "wrapper.pb-project"; name = pdfium.xcodeproj; path = ../pdfium.xcodeproj; sourceTree = SOURCE_ROOT; };
		D47F8F67F9512A650EBCB1FE /* image_diff_png.h */ = {isa = PBXFileReference; lastKnownFileType = sourcecode.c.h; path = image_diff_png.h; sourceTree = "<group>"; };
		ED0DA79BF01BE37E90B7F72F /* fx_pngset.c */ = {isa = PBXFileReference; lastKnownFileType = sourcecode.c.c; path = fx_pngset.c; sourceTree = "<group>"; };
		F1DE2E7D3B534ADB61D8C423 /* fx_pngwutil.c */ = {isa = PBXFileReference; lastKnownFileType = sourcecode.c.c; path = fx_pngwutil.c; sourceTree = "<group>"; };
/* End PBXFileReference section */

/* Begin PBXFrameworksBuildPhase section */
		51E29F93D4BE903F2131D4D5 /* Frameworks */ = {
			isa = PBXFrameworksBuildPhase;
			buildActionMask = 2147483647;
			files = (
				1E56B3353FF60E695A68005D /* libfx_lpng.a in Frameworks */,
				95014BAC9A9B00B422EDCDFA /* libpdfium.a in Frameworks */,
				4254DE4208AA6C98B1A08B9A /* libfxcodec.a in Frameworks */,
				2E368AA57873EC293FCB70A7 /* libfx_lcms2.a in Frameworks */,
				1961004DC440FE78CD569E3E /* libfx_libjpeg.a in Frameworks */,
				D3E7FBC4DF281E64D55A62DC /* libfx_libopenjpeg.a in Frameworks */,
				329D2792E6571F7FC3799B73 /* libfx_zlib.a in Frameworks */,
				5CFC8ED4E42DD8014F90F628 /* libbigint.a in Frameworks */,
				5A51426CCF28795C20DB7668 /* libfpdfapi.a in Frameworks */,
				12D1D274C2A8FF3AAC952522 /* libfdrm.a in Frameworks */,
				5394E1D02B3FB740BA16CD54 /* libfpdfdoc.a in Frameworks */,
				945E2ECDCFFCBEDB6C85746E /* libfpdftext.a in Frameworks */,
				B80E2860A8B35B6A3B4B8885 /* libformfiller.a in Frameworks */,
				518DD4C22ADF65DBCA6DECCD /* libfxcrt.a in Frameworks */,
				941DB4A9E80C22B70E089E7E /* libfxedit.a in Frameworks */,
				2044BB6254ADCF8BB46FE1B8 /* libfxge.a in Frameworks */,
				20BFE4FE5D00E00F946BB23A /* libfx_agg.a in Frameworks */,
				6A607C754C4ECB9863113C78 /* libpdfwindow.a in Frameworks */,
				3910FC01AE0FF949DE4389DF /* libfreetype.a in Frameworks */,
				F38E780FE819BFAF2854ECF5 /* AppKit.framework in Frameworks */,
				FCDC1BDCAE69FB3B46829329 /* CoreFoundation.framework in Frameworks */,
				8EEDE003C5F7E27689D351ED /* -lfpdfapi in Frameworks */,
			);
			runOnlyForDeploymentPostprocessing = 0;
		};
		58EA7833AA7117DFE5FFCE8A /* Frameworks */ = {
			isa = PBXFrameworksBuildPhase;
			buildActionMask = 2147483647;
			files = (
				987FD9D9640843CF0C53FFA3 /* libfx_lpng.a in Frameworks */,
				691DBDB90EA554E8BC66F67F /* libpdfium.a in Frameworks */,
				ED3BE9C32994ED48E131FAC2 /* libfxcodec.a in Frameworks */,
				355442FD6813FE6F18DB27EE /* libfx_lcms2.a in Frameworks */,
				7B9E134CA9E1351F950840A9 /* libfx_libjpeg.a in Frameworks */,
				95FE39C0ECCDE3593E8F98A7 /* libfx_libopenjpeg.a in Frameworks */,
				2163BB617B7AF97252DDE25E /* libfx_zlib.a in Frameworks */,
				58E268B425FEE9E1D33DF890 /* libbigint.a in Frameworks */,
				7287E76DA1FD2808D1772B1F /* libfpdfapi.a in Frameworks */,
				9DC31A08417B1CF7675AC28F /* libfdrm.a in Frameworks */,
				53533F10DE453B1B20653022 /* libfpdfdoc.a in Frameworks */,
				65CBF863B4BE232706481386 /* libfpdftext.a in Frameworks */,
				0E2BACD37A0B237FA5678903 /* libformfiller.a in Frameworks */,
				321A65A7307F5D926CC26A90 /* libfxcrt.a in Frameworks */,
				3BBC6CC39E93E571D9800CDF /* libfxedit.a in Frameworks */,
				1E2D02A0D207567BC63FF449 /* libfxge.a in Frameworks */,
				09BFBDB404F334B956320589 /* libfx_agg.a in Frameworks */,
				55813A3609B9FEBDA2981A2F /* libpdfwindow.a in Frameworks */,
				1C0B4DA5E7A3265CBF02C580 /* libfreetype.a in Frameworks */,
				6B7E75CA94AE009EF661D385 /* AppKit.framework in Frameworks */,
				A134E5519C4B5A43C565C4B0 /* CoreFoundation.framework in Frameworks */,
				A523C331325E847D45D2581D /* -lfpdfapi in Frameworks */,
			);
			runOnlyForDeploymentPostprocessing = 0;
		};
		D4753E98C72962FA6E1A61FD /* Frameworks */ = {
			isa = PBXFrameworksBuildPhase;
			buildActionMask = 2147483647;
			files = (
			);
			runOnlyForDeploymentPostprocessing = 0;
		};
/* End PBXFrameworksBuildPhase section */

/* Begin PBXGroup section */
		1529EF7201089C5731A0859F /* Products */ = {
			isa = PBXGroup;
			children = (
				F53A79DA1C099B7B559CC890 /* libpdfium.a */,
				E5A865D8A9E77AC0E34F0872 /* libfdrm.a */,
				02286D58495CC8966E3CC2CE /* libfpdfdoc.a */,
				9305DDA0ACCDC227CA03B915 /* libfpdfapi.a */,
				D14A90F9DC915C1C7A6C9BEB /* libfpdftext.a */,
				445B1F5877E5C1811F4B2218 /* libfxcodec.a */,
				85FBEA3C500F473727E018CB /* libfxcrt.a */,
				3DCDD996C36E767F663502F1 /* libfxge.a */,
				601DFD7D5E93B1C8E5D0C29F /* libfxedit.a */,
				39CCA5C31AA45DFED1B9EB7E /* libpdfwindow.a */,
				083E80768B67B18F2343D7FB /* libformfiller.a */,
				80107A2D30C6ABA44A9F67D1 /* pdfium_unittests */,
				A44996C49871BF0F25C91ACB /* pdfium_embeddertests */,
			);
			name = Products;
			sourceTree = "<group>";
		};
		3193F5B3A36F51C309EE8D61 /* fx_lpng */ = {
			isa = PBXGroup;
			children = (
				DCFC946155D8176C913BAAF5 /* include */,
				DF9C51D62836E0BBF97AEBB4 /* src */,
			);
			path = fx_lpng;
			sourceTree = "<group>";
		};
		682146090A9529FDFE90AFBF /* Products */ = {
			isa = PBXGroup;
			children = (
				9C8C1C2F0BD521C8BB90B27B /* libbigint.a */,
				B5DD2EDEBF68E2F6D49CB4A7 /* libfreetype.a */,
				DF73C80DDD0FE00CA3E4315C /* libfx_agg.a */,
				5F7040F7093309D5A081728B /* libfx_lcms2.a */,
				B8D3302A56F81015E126DC26 /* libfx_libjpeg.a */,
				1733C6E870AB0F2D18F52F8A /* libfx_libopenjpeg.a */,
				46EEA227AC6B12688170CD48 /* libfx_zlib.a */,
			);
			name = Products;
			sourceTree = "<group>";
		};
		79C59CAD67B71F5DE3E59228 /* Products */ = {
			isa = PBXGroup;
			children = (
				BB9F1367037D5BD4DD1AAC7A /* pdfium_test */,
				1D17609DF762463E4AA4FF34 /* pdfium_diff */,
				C83696E98A56413740E6F042 /* libfx_lpng.a */,
			);
			name = Products;
			sourceTree = "<group>";
		};
		7A85F6F620FF68FBF368EE10 /* Build */ = {
			isa = PBXGroup;
			children = (
				7774C897B3691216DAAB3642 /* javascript.gypi */,
				B042DAFE9C218AFC735E244E /* samples.gyp */,
				70B841E2059AE94D9FC293B0 /* standalone.gypi */,
			);
			name = Build;
			sourceTree = "<group>";
		};
		86002E5E91A6CC6917E0D0A9 /* Projects */ = {
			isa = PBXGroup;
			children = (
				D2CB2A9626673EA69ACB2BF4 /* pdfium.xcodeproj */,
				81C8527D817D68E19AC11ED4 /* third_party.xcodeproj */,
			);
			name = Projects;
			sourceTree = "<group>";
		};
		96D9244D47392CC30B8005E9 = {
			isa = PBXGroup;
			children = (
				A8CFEB60E27D904F3107D3D0 /* Source */,
				86002E5E91A6CC6917E0D0A9 /* Projects */,
				D283EBA96456C19D5C9D1B70 /* Frameworks */,
				79C59CAD67B71F5DE3E59228 /* Products */,
				7A85F6F620FF68FBF368EE10 /* Build */,
			);
			sourceTree = "<group>";
		};
		A8CFEB60E27D904F3107D3D0 /* Source */ = {
			isa = PBXGroup;
			children = (
				3193F5B3A36F51C309EE8D61 /* fx_lpng */,
				8C3A1B31D609AE1CBE363D46 /* image_diff.cc */,
				9EDB68827FCD2C802988E3B1 /* image_diff_png.cc */,
				D47F8F67F9512A650EBCB1FE /* image_diff_png.h */,
				133DEDDB25CE2F556485A5A6 /* pdfium_test.cc */,
			);
			name = Source;
			sourceTree = "<group>";
		};
		D283EBA96456C19D5C9D1B70 /* Frameworks */ = {
			isa = PBXGroup;
			children = (
				673E92BF95E57485A848DB80 /* -lfpdfapi */,
				73030B5AEDA94671A2765230 /* AppKit.framework */,
				55E735A6615884780238BE5B /* CoreFoundation.framework */,
			);
			name = Frameworks;
			sourceTree = "<group>";
		};
		DCFC946155D8176C913BAAF5 /* include */ = {
			isa = PBXGroup;
			children = (
				76ED268AEF6B00B14B7A80DA /* fx_png.h */,
			);
			path = include;
			sourceTree = "<group>";
		};
		DF9C51D62836E0BBF97AEBB4 /* src */ = {
			isa = PBXGroup;
			children = (
				5446872FB48F79D2E873E234 /* fx_png.c */,
				83C48D29EDF7352B2C5AB817 /* fx_pngerror.c */,
				AD74EC55275CDD73C700246A /* fx_pngget.c */,
				84AB3DB1563DDFF0967CFF98 /* fx_pngmem.c */,
				75B1BF096ABBBE35DBC23200 /* fx_pngpread.c */,
				5933570974FEB6FE82D9ADFC /* fx_pngread.c */,
				76D042232ACD92E93DC66617 /* fx_pngrio.c */,
				13343B1347EE7EABDE2DA4CA /* fx_pngrtran.c */,
				5665DF968DF386928864F410 /* fx_pngrutil.c */,
				ED0DA79BF01BE37E90B7F72F /* fx_pngset.c */,
				9660FF170BA329D7A29B9B8D /* fx_pngtrans.c */,
				3D28E914D49E17FE12E01EAF /* fx_pngwio.c */,
				259DE7AE1FD1E370BC848C88 /* fx_pngwrite.c */,
				27B53A24AC8F5FB8348A0FA8 /* fx_pngwtran.c */,
				F1DE2E7D3B534ADB61D8C423 /* fx_pngwutil.c */,
			);
			path = src;
			sourceTree = "<group>";
		};
/* End PBXGroup section */

/* Begin PBXNativeTarget section */
		06EAD64C17A009928F81E155 /* pdfium_diff */ = {
			isa = PBXNativeTarget;
			buildConfigurationList = 49C20C9CD80DECAA7F844F6D /* Build configuration list for PBXNativeTarget "pdfium_diff" */;
			buildPhases = (
				C6899FA9A4DC0658D02A8579 /* Sources */,
				51E29F93D4BE903F2131D4D5 /* Frameworks */,
			);
			buildRules = (
			);
			dependencies = (
				2F41F2F7B2A742BA0E5D3AB2 /* PBXTargetDependency */,
				FAE3CD5A522697D42A237E6F /* PBXTargetDependency */,
				30291279ECE3487FA2752FE9 /* PBXTargetDependency */,
				EC7BD8FB94F9B3E37E251790 /* PBXTargetDependency */,
				A03E3ED0F63BD796014D16A5 /* PBXTargetDependency */,
				EAF3C46647EED67640765354 /* PBXTargetDependency */,
				11A6CDBCCF6B2D260384035C /* PBXTargetDependency */,
				5883985F53BF071BA93422D2 /* PBXTargetDependency */,
				B0D2D108B6396785B9FDBF0D /* PBXTargetDependency */,
				853BE029A015A1C3EE1BF858 /* PBXTargetDependency */,
				B25214D5AB5C3CF783C46BEF /* PBXTargetDependency */,
				0EAFAE7E29755A1B51DA4E34 /* PBXTargetDependency */,
				371761C50358FD3DAC0CCCEB /* PBXTargetDependency */,
				DDE9DAFEE0BC148B2960B7EF /* PBXTargetDependency */,
				F419279A7AC798BAC25CBED9 /* PBXTargetDependency */,
				15577FDB00BF9E5E5E6AEE12 /* PBXTargetDependency */,
				9D3BE733F00FDB25A53A3515 /* PBXTargetDependency */,
				D75CC4822070FA5252FA5C34 /* PBXTargetDependency */,
				61780792C129446F41EB38C6 /* PBXTargetDependency */,
				1CB851B9D0828272738E8709 /* PBXTargetDependency */,
			);
			name = pdfium_diff;
			productName = pdfium_diff;
			productReference = 1D17609DF762463E4AA4FF34 /* pdfium_diff */;
			productType = "com.apple.product-type.tool";
		};
		135A5A7453BAA0A1B9CA22A8 /* pdfium_test */ = {
			isa = PBXNativeTarget;
			buildConfigurationList = E814DF39090B0E194BE83A87 /* Build configuration list for PBXNativeTarget "pdfium_test" */;
			buildPhases = (
				62B2C54BD6F2CFF025A6A4D1 /* Sources */,
				58EA7833AA7117DFE5FFCE8A /* Frameworks */,
			);
			buildRules = (
			);
			dependencies = (
				3FAF5FA2CB76503137075D75 /* PBXTargetDependency */,
				6A2D8C58D5BAAF51C33E4F9D /* PBXTargetDependency */,
				ED0BB7729137045E6AFAEFEE /* PBXTargetDependency */,
				0B2ECFF8A84F6F4BCCF83109 /* PBXTargetDependency */,
				0816D3D351B143D2F43FE1C9 /* PBXTargetDependency */,
				62EC76F7CB9230FE66744843 /* PBXTargetDependency */,
				BE869DE587062F029F576EBC /* PBXTargetDependency */,
				5CBB820A38233EAEE1D6412D /* PBXTargetDependency */,
				E5EA8B3F43DCA18137624BC3 /* PBXTargetDependency */,
				485C1EB77E891ECE8792DC66 /* PBXTargetDependency */,
				DB967F69B97C18594A7094E1 /* PBXTargetDependency */,
				FFD987C2489C41948C55930F /* PBXTargetDependency */,
				5E34B86A75097E265F66BD97 /* PBXTargetDependency */,
				F8CDDDF61BD9F000EB378547 /* PBXTargetDependency */,
				E559B4DEC8D80C52D51D7456 /* PBXTargetDependency */,
				4EF37028FD6A1A05DF8F1CE5 /* PBXTargetDependency */,
				6F2A424E09C6A132F13F8B77 /* PBXTargetDependency */,
				4DBF390A9EC5363009D81376 /* PBXTargetDependency */,
				7CD8D3B71A9CE44D25A37089 /* PBXTargetDependency */,
				01360EC131CF6FB92274B253 /* PBXTargetDependency */,
			);
			name = pdfium_test;
			productName = pdfium_test;
			productReference = BB9F1367037D5BD4DD1AAC7A /* pdfium_test */;
			productType = "com.apple.product-type.tool";
		};
		DC7F67EFD2409364F1A04603 /* fx_lpng */ = {
			isa = PBXNativeTarget;
			buildConfigurationList = E5583FFF126F7817780647E0 /* Build configuration list for PBXNativeTarget "fx_lpng" */;
			buildPhases = (
				846E3C3B1F9FE421E1CDBDD7 /* Sources */,
				D4753E98C72962FA6E1A61FD /* Frameworks */,
			);
			buildRules = (
			);
			dependencies = (
			);
			name = fx_lpng;
			productName = fx_lpng;
			productReference = C83696E98A56413740E6F042 /* libfx_lpng.a */;
			productType = "com.apple.product-type.library.static";
		};
/* End PBXNativeTarget section */

/* Begin PBXProject section */
		D173C88AE23796AF9607E9D9 /* Project object */ = {
			isa = PBXProject;
			attributes = {
				BuildIndependentTargetsInParallel = YES;
			};
			buildConfigurationList = E679CA38ECF87F28BECE8767 /* Build configuration list for PBXProject "samples" */;
			compatibilityVersion = "Xcode 3.2";
			hasScannedForEncodings = 1;
			mainGroup = 96D9244D47392CC30B8005E9;
			projectDirPath = "";
			projectReferences = (
				{
					ProductGroup = 1529EF7201089C5731A0859F /* Products */;
					ProjectRef = D2CB2A9626673EA69ACB2BF4 /* pdfium.xcodeproj */;
				},
				{
					ProductGroup = 682146090A9529FDFE90AFBF /* Products */;
					ProjectRef = 81C8527D817D68E19AC11ED4 /* third_party.xcodeproj */;
				},
			);
			projectRoot = "";
			targets = (
				46BA4873DC941CDF8927F764 /* All */,
				135A5A7453BAA0A1B9CA22A8 /* pdfium_test */,
				06EAD64C17A009928F81E155 /* pdfium_diff */,
				DC7F67EFD2409364F1A04603 /* fx_lpng */,
			);
		};
/* End PBXProject section */

/* Begin PBXReferenceProxy section */
		02286D58495CC8966E3CC2CE /* libfpdfdoc.a */ = {
			isa = PBXReferenceProxy;
			fileType = archive.ar;
			path = libfpdfdoc.a;
			remoteRef = DC0384B0659CC7D548019986 /* PBXContainerItemProxy */;
			sourceTree = BUILT_PRODUCTS_DIR;
		};
		083E80768B67B18F2343D7FB /* libformfiller.a */ = {
			isa = PBXReferenceProxy;
			fileType = archive.ar;
			path = libformfiller.a;
			remoteRef = DB4C9862FB0A69E9679F8C5B /* PBXContainerItemProxy */;
			sourceTree = BUILT_PRODUCTS_DIR;
		};
		1733C6E870AB0F2D18F52F8A /* libfx_libopenjpeg.a */ = {
			isa = PBXReferenceProxy;
			fileType = archive.ar;
			path = libfx_libopenjpeg.a;
			remoteRef = 46F4EDE4180C9792BF92534A /* PBXContainerItemProxy */;
			sourceTree = BUILT_PRODUCTS_DIR;
		};
		39CCA5C31AA45DFED1B9EB7E /* libpdfwindow.a */ = {
			isa = PBXReferenceProxy;
			fileType = archive.ar;
			path = libpdfwindow.a;
			remoteRef = 3ECAAD28478025AF44279763 /* PBXContainerItemProxy */;
			sourceTree = BUILT_PRODUCTS_DIR;
		};
		3DCDD996C36E767F663502F1 /* libfxge.a */ = {
			isa = PBXReferenceProxy;
			fileType = archive.ar;
			path = libfxge.a;
			remoteRef = C6B158645FDE6E47A5CB9C8D /* PBXContainerItemProxy */;
			sourceTree = BUILT_PRODUCTS_DIR;
		};
		445B1F5877E5C1811F4B2218 /* libfxcodec.a */ = {
			isa = PBXReferenceProxy;
			fileType = archive.ar;
			path = libfxcodec.a;
			remoteRef = 6F1619FABF4AEDF169D2DC62 /* PBXContainerItemProxy */;
			sourceTree = BUILT_PRODUCTS_DIR;
		};
		46EEA227AC6B12688170CD48 /* libfx_zlib.a */ = {
			isa = PBXReferenceProxy;
			fileType = archive.ar;
			path = libfx_zlib.a;
			remoteRef = 8632D273881033262853877F /* PBXContainerItemProxy */;
			sourceTree = BUILT_PRODUCTS_DIR;
		};
		5F7040F7093309D5A081728B /* libfx_lcms2.a */ = {
			isa = PBXReferenceProxy;
			fileType = archive.ar;
			path = libfx_lcms2.a;
			remoteRef = 1868E049505D3D6F9085375B /* PBXContainerItemProxy */;
			sourceTree = BUILT_PRODUCTS_DIR;
		};
		601DFD7D5E93B1C8E5D0C29F /* libfxedit.a */ = {
			isa = PBXReferenceProxy;
			fileType = archive.ar;
			path = libfxedit.a;
			remoteRef = 660D7D4053A8094ECB01CF46 /* PBXContainerItemProxy */;
			sourceTree = BUILT_PRODUCTS_DIR;
		};
		80107A2D30C6ABA44A9F67D1 /* pdfium_unittests */ = {
			isa = PBXReferenceProxy;
			fileType = "compiled.mach-o.executable";
			path = pdfium_unittests;
			remoteRef = 962BFF178643931E4143A0B8 /* PBXContainerItemProxy */;
			sourceTree = BUILT_PRODUCTS_DIR;
		};
		85FBEA3C500F473727E018CB /* libfxcrt.a */ = {
			isa = PBXReferenceProxy;
			fileType = archive.ar;
			path = libfxcrt.a;
			remoteRef = 18D66DC73EBAC3978A0E807E /* PBXContainerItemProxy */;
			sourceTree = BUILT_PRODUCTS_DIR;
		};
		9305DDA0ACCDC227CA03B915 /* libfpdfapi.a */ = {
			isa = PBXReferenceProxy;
			fileType = archive.ar;
			path = libfpdfapi.a;
			remoteRef = B6961E9EC88E823D0E3918D8 /* PBXContainerItemProxy */;
			sourceTree = BUILT_PRODUCTS_DIR;
		};
		9C8C1C2F0BD521C8BB90B27B /* libbigint.a */ = {
			isa = PBXReferenceProxy;
			fileType = archive.ar;
			path = libbigint.a;
			remoteRef = 36B341C8695886DCF18885A8 /* PBXContainerItemProxy */;
			sourceTree = BUILT_PRODUCTS_DIR;
		};
		A44996C49871BF0F25C91ACB /* pdfium_embeddertests */ = {
			isa = PBXReferenceProxy;
			fileType = "compiled.mach-o.executable";
			path = pdfium_embeddertests;
			remoteRef = CA68ABDFFD24655188BEB44A /* PBXContainerItemProxy */;
			sourceTree = BUILT_PRODUCTS_DIR;
		};
		B5DD2EDEBF68E2F6D49CB4A7 /* libfreetype.a */ = {
			isa = PBXReferenceProxy;
			fileType = archive.ar;
			path = libfreetype.a;
			remoteRef = 0F1AB2E5B31A08B52B45C7E7 /* PBXContainerItemProxy */;
			sourceTree = BUILT_PRODUCTS_DIR;
		};
		B8D3302A56F81015E126DC26 /* libfx_libjpeg.a */ = {
			isa = PBXReferenceProxy;
			fileType = archive.ar;
			path = libfx_libjpeg.a;
			remoteRef = 09A97BE1078C3A3D3613BF3C /* PBXContainerItemProxy */;
			sourceTree = BUILT_PRODUCTS_DIR;
		};
		D14A90F9DC915C1C7A6C9BEB /* libfpdftext.a */ = {
			isa = PBXReferenceProxy;
			fileType = archive.ar;
			path = libfpdftext.a;
			remoteRef = 07535BDA5F7908978D9A437C /* PBXContainerItemProxy */;
			sourceTree = BUILT_PRODUCTS_DIR;
		};
		DF73C80DDD0FE00CA3E4315C /* libfx_agg.a */ = {
			isa = PBXReferenceProxy;
			fileType = archive.ar;
			path = libfx_agg.a;
			remoteRef = 0B85ADBBA87DC651DBFDFBA6 /* PBXContainerItemProxy */;
			sourceTree = BUILT_PRODUCTS_DIR;
		};
		E5A865D8A9E77AC0E34F0872 /* libfdrm.a */ = {
			isa = PBXReferenceProxy;
			fileType = archive.ar;
			path = libfdrm.a;
			remoteRef = 47C583F31A8D8AD282D8B495 /* PBXContainerItemProxy */;
			sourceTree = BUILT_PRODUCTS_DIR;
		};
		F53A79DA1C099B7B559CC890 /* libpdfium.a */ = {
			isa = PBXReferenceProxy;
			fileType = archive.ar;
			path = libpdfium.a;
			remoteRef = 29F95F2C47D2F1C0D1C3BDAA /* PBXContainerItemProxy */;
			sourceTree = BUILT_PRODUCTS_DIR;
		};
/* End PBXReferenceProxy section */

/* Begin PBXSourcesBuildPhase section */
		62B2C54BD6F2CFF025A6A4D1 /* Sources */ = {
			isa = PBXSourcesBuildPhase;
			buildActionMask = 2147483647;
			files = (
				D26E5AA883AE6194A8D78680 /* pdfium_test.cc in Sources */,
				A059EFC6501A62794793DED7 /* image_diff_png.cc in Sources */,
			);
			runOnlyForDeploymentPostprocessing = 0;
		};
		846E3C3B1F9FE421E1CDBDD7 /* Sources */ = {
			isa = PBXSourcesBuildPhase;
			buildActionMask = 2147483647;
			files = (
				B3656D33C7E5027F20D60516 /* fx_png.c in Sources */,
				97D4614FA6F286C9CC5327EE /* fx_pngerror.c in Sources */,
				3317C204FAE7120484A1DB2A /* fx_pngget.c in Sources */,
				D4DC216FB26738CAC8EFC838 /* fx_pngmem.c in Sources */,
				D1556230024F9D92D3750D7C /* fx_pngpread.c in Sources */,
				D488D26A74B55E884A647F2C /* fx_pngread.c in Sources */,
				1A89D28926D17D5E59924752 /* fx_pngrio.c in Sources */,
				CFFED6E8A2EC6F89798D63BD /* fx_pngrtran.c in Sources */,
				14DDE1F3F02BFC1E9374F4BF /* fx_pngrutil.c in Sources */,
				F43D17C032F8D82481AD35A3 /* fx_pngset.c in Sources */,
				2348D40C132C1C48CB601B5E /* fx_pngtrans.c in Sources */,
				F196219B3FB893DBE851939E /* fx_pngwio.c in Sources */,
				15D023AAEFA96625186EA8D1 /* fx_pngwrite.c in Sources */,
				95514973557C5B9BC92E96E9 /* fx_pngwtran.c in Sources */,
				E911A01BF4807FEC87BEA173 /* fx_pngwutil.c in Sources */,
			);
			runOnlyForDeploymentPostprocessing = 0;
		};
		C6899FA9A4DC0658D02A8579 /* Sources */ = {
			isa = PBXSourcesBuildPhase;
			buildActionMask = 2147483647;
			files = (
				53D0D248D6ACE0AC11794BD1 /* image_diff.cc in Sources */,
				CA340435C6EDEE5F7CC6170C /* image_diff_png.cc in Sources */,
			);
			runOnlyForDeploymentPostprocessing = 0;
		};
/* End PBXSourcesBuildPhase section */

/* Begin PBXTargetDependency section */
		01360EC131CF6FB92274B253 /* PBXTargetDependency */ = {
			isa = PBXTargetDependency;
			name = freetype;
			targetProxy = ABF07DF5A2DBE4ADF471A287 /* PBXContainerItemProxy */;
		};
		0816D3D351B143D2F43FE1C9 /* PBXTargetDependency */ = {
			isa = PBXTargetDependency;
			name = fx_libjpeg;
			targetProxy = 0C599445A1A75485A8FB654B /* PBXContainerItemProxy */;
		};
		0B2ECFF8A84F6F4BCCF83109 /* PBXTargetDependency */ = {
			isa = PBXTargetDependency;
			name = fx_lcms2;
			targetProxy = 9310274CE00520573AA55A98 /* PBXContainerItemProxy */;
		};
		0EAFAE7E29755A1B51DA4E34 /* PBXTargetDependency */ = {
			isa = PBXTargetDependency;
			name = fpdfdoc;
			targetProxy = 38CC91E1AE6111A9F5EFC898 /* PBXContainerItemProxy */;
		};
		11A6CDBCCF6B2D260384035C /* PBXTargetDependency */ = {
			isa = PBXTargetDependency;
			name = fx_libopenjpeg;
			targetProxy = 8B1BBA4C712EF3FED91D2706 /* PBXContainerItemProxy */;
		};
		15577FDB00BF9E5E5E6AEE12 /* PBXTargetDependency */ = {
			isa = PBXTargetDependency;
			name = fxedit;
			targetProxy = C39034A72B8600102E6B58EC /* PBXContainerItemProxy */;
		};
		1CB851B9D0828272738E8709 /* PBXTargetDependency */ = {
			isa = PBXTargetDependency;
			name = freetype;
			targetProxy = 3722B5D2645280D3B7EAFCF1 /* PBXContainerItemProxy */;
		};
		2F41F2F7B2A742BA0E5D3AB2 /* PBXTargetDependency */ = {
			isa = PBXTargetDependency;
			target = DC7F67EFD2409364F1A04603 /* fx_lpng */;
			targetProxy = 42F007C645D22CA0CD0F291A /* PBXContainerItemProxy */;
		};
		30291279ECE3487FA2752FE9 /* PBXTargetDependency */ = {
			isa = PBXTargetDependency;
			name = pdfium_base;
			targetProxy = 3823193CB1C7B56A05579F70 /* PBXContainerItemProxy */;
		};
		34E9C79816903E0580E6EFE8 /* PBXTargetDependency */ = {
			isa = PBXTargetDependency;
			target = 06EAD64C17A009928F81E155 /* pdfium_diff */;
			targetProxy = B861BCE2FBF8954E1EF62C1C /* PBXContainerItemProxy */;
		};
		371761C50358FD3DAC0CCCEB /* PBXTargetDependency */ = {
			isa = PBXTargetDependency;
			name = fpdftext;
			targetProxy = 8B7BAB00CF1DB088F8FB7180 /* PBXContainerItemProxy */;
		};
		3FAF5FA2CB76503137075D75 /* PBXTargetDependency */ = {
			isa = PBXTargetDependency;
			target = DC7F67EFD2409364F1A04603 /* fx_lpng */;
			targetProxy = B221D420684B70FAFEB8DE04 /* PBXContainerItemProxy */;
		};
		485C1EB77E891ECE8792DC66 /* PBXTargetDependency */ = {
			isa = PBXTargetDependency;
			name = fpdfapi;
			targetProxy = 230CE61CE0E1843D0DD4A1A3 /* PBXContainerItemProxy */;
		};
		4DBF390A9EC5363009D81376 /* PBXTargetDependency */ = {
			isa = PBXTargetDependency;
			name = fx_agg;
			targetProxy = 389424F8F58D9C81783C5A38 /* PBXContainerItemProxy */;
		};
		4EF37028FD6A1A05DF8F1CE5 /* PBXTargetDependency */ = {
			isa = PBXTargetDependency;
			name = fxedit;
			targetProxy = D065C6483B7967D79A0DF04E /* PBXContainerItemProxy */;
		};
		5883985F53BF071BA93422D2 /* PBXTargetDependency */ = {
			isa = PBXTargetDependency;
			name = fx_zlib;
			targetProxy = 8B7BDFB329BE8609346AB37C /* PBXContainerItemProxy */;
		};
		5CBB820A38233EAEE1D6412D /* PBXTargetDependency */ = {
			isa = PBXTargetDependency;
			name = bigint;
			targetProxy = 666A00054B88024942DBF348 /* PBXContainerItemProxy */;
		};
		5E34B86A75097E265F66BD97 /* PBXTargetDependency */ = {
			isa = PBXTargetDependency;
			name = fpdftext;
			targetProxy = 7533FADDF04D3FBB1E26AC68 /* PBXContainerItemProxy */;
		};
		61780792C129446F41EB38C6 /* PBXTargetDependency */ = {
			isa = PBXTargetDependency;
			name = pdfwindow;
			targetProxy = EB8E5AE22B572E5753CFD79A /* PBXContainerItemProxy */;
		};
		62EC76F7CB9230FE66744843 /* PBXTargetDependency */ = {
			isa = PBXTargetDependency;
			name = fx_libopenjpeg;
			targetProxy = CED3CB089EC9E57BCCB94248 /* PBXContainerItemProxy */;
		};
		6A2D8C58D5BAAF51C33E4F9D /* PBXTargetDependency */ = {
			isa = PBXTargetDependency;
			name = pdfium;
			targetProxy = 8587E0AF46F0AB4B1D6D739E /* PBXContainerItemProxy */;
		};
		6F2A424E09C6A132F13F8B77 /* PBXTargetDependency */ = {
			isa = PBXTargetDependency;
			name = fxge;
			targetProxy = 54F89B1CAFADF20B2ABC1D28 /* PBXContainerItemProxy */;
		};
		7A335C62A5E318F2FDF9E86B /* PBXTargetDependency */ = {
			isa = PBXTargetDependency;
			target = 135A5A7453BAA0A1B9CA22A8 /* pdfium_test */;
			targetProxy = 367F2647E40BCEF00B5703E7 /* PBXContainerItemProxy */;
		};
		7CD8D3B71A9CE44D25A37089 /* PBXTargetDependency */ = {
			isa = PBXTargetDependency;
			name = pdfwindow;
			targetProxy = 9F412775BA4E435879582C8F /* PBXContainerItemProxy */;
		};
		853BE029A015A1C3EE1BF858 /* PBXTargetDependency */ = {
			isa = PBXTargetDependency;
			name = fpdfapi;
			targetProxy = CFDAE2A8C4D398F881A63634 /* PBXContainerItemProxy */;
		};
		9D3BE733F00FDB25A53A3515 /* PBXTargetDependency */ = {
			isa = PBXTargetDependency;
			name = fxge;
			targetProxy = E0E8CB4B620CDDF904DA9BB5 /* PBXContainerItemProxy */;
		};
		A03E3ED0F63BD796014D16A5 /* PBXTargetDependency */ = {
			isa = PBXTargetDependency;
			name = fx_lcms2;
			targetProxy = A33A642C0212299F11F3A2EF /* PBXContainerItemProxy */;
		};
		B0D2D108B6396785B9FDBF0D /* PBXTargetDependency */ = {
			isa = PBXTargetDependency;
			name = bigint;
			targetProxy = 2B9DD6AA921E29174C9140F6 /* PBXContainerItemProxy */;
		};
		B25214D5AB5C3CF783C46BEF /* PBXTargetDependency */ = {
			isa = PBXTargetDependency;
			name = fdrm;
			targetProxy = 61F6B18EBE137A1AC10DD3C9 /* PBXContainerItemProxy */;
		};
		B4B0E2592E2D4E77E5A85AAB /* PBXTargetDependency */ = {
			isa = PBXTargetDependency;
			target = DC7F67EFD2409364F1A04603 /* fx_lpng */;
			targetProxy = 0C165B0B77AF360F2436A97B /* PBXContainerItemProxy */;
		};
		BE869DE587062F029F576EBC /* PBXTargetDependency */ = {
			isa = PBXTargetDependency;
			name = fx_zlib;
			targetProxy = 971D8A533F2AC90D03E513CC /* PBXContainerItemProxy */;
		};
		D75CC4822070FA5252FA5C34 /* PBXTargetDependency */ = {
			isa = PBXTargetDependency;
			name = fx_agg;
			targetProxy = 692905C07C8A73262F4CFE38 /* PBXContainerItemProxy */;
		};
		DB967F69B97C18594A7094E1 /* PBXTargetDependency */ = {
			isa = PBXTargetDependency;
			name = fdrm;
			targetProxy = AB841701AD3425FB4A810600 /* PBXContainerItemProxy */;
		};
		DDE9DAFEE0BC148B2960B7EF /* PBXTargetDependency */ = {
			isa = PBXTargetDependency;
			name = formfiller;
			targetProxy = A0AE165B4B7729B201A5C13B /* PBXContainerItemProxy */;
		};
		E559B4DEC8D80C52D51D7456 /* PBXTargetDependency */ = {
			isa = PBXTargetDependency;
			name = fxcrt;
			targetProxy = 64A4B12DF598E6DFEBE59C59 /* PBXContainerItemProxy */;
		};
		E5EA8B3F43DCA18137624BC3 /* PBXTargetDependency */ = {
			isa = PBXTargetDependency;
			name = pdfium_base;
			targetProxy = BE81F5EBA77A27CEBB78E4B9 /* PBXContainerItemProxy */;
		};
		EAF3C46647EED67640765354 /* PBXTargetDependency */ = {
			isa = PBXTargetDependency;
			name = fx_libjpeg;
			targetProxy = 131340831B68E308CE3AB45D /* PBXContainerItemProxy */;
		};
		EC7BD8FB94F9B3E37E251790 /* PBXTargetDependency */ = {
			isa = PBXTargetDependency;
			name = fxcodec;
			targetProxy = D028988CFD06DB9650B23350 /* PBXContainerItemProxy */;
		};
		ED0BB7729137045E6AFAEFEE /* PBXTargetDependency */ = {
			isa = PBXTargetDependency;
			name = fxcodec;
			targetProxy = 5A9BA581F236AA9F06BF9626 /* PBXContainerItemProxy */;
		};
		F419279A7AC798BAC25CBED9 /* PBXTargetDependency */ = {
			isa = PBXTargetDependency;
			name = fxcrt;
			targetProxy = 69645A7FFD4CF87A27F7A776 /* PBXContainerItemProxy */;
		};
		F8CDDDF61BD9F000EB378547 /* PBXTargetDependency */ = {
			isa = PBXTargetDependency;
			name = formfiller;
			targetProxy = 613D2EB9D8F1719D89713336 /* PBXContainerItemProxy */;
		};
		FAE3CD5A522697D42A237E6F /* PBXTargetDependency */ = {
			isa = PBXTargetDependency;
			name = pdfium;
			targetProxy = 5F0F3439FC96D94A25A46685 /* PBXContainerItemProxy */;
		};
		FFD987C2489C41948C55930F /* PBXTargetDependency */ = {
			isa = PBXTargetDependency;
			name = fpdfdoc;
			targetProxy = C2B4BDA1602239F713E7D653 /* PBXContainerItemProxy */;
		};
/* End PBXTargetDependency section */

/* Begin XCBuildConfiguration section */
		0EF8B8F14AF24CE46A568FA6 /* Release */ = {
			isa = XCBuildConfiguration;
			buildSettings = {
				ALWAYS_SEARCH_USER_PATHS = NO;
				CLANG_CXX_LANGUAGE_STANDARD = "c++0x";
				EXECUTABLE_PREFIX = "";
				GCC_CW_ASM_SYNTAX = NO;
				GCC_DYNAMIC_NO_PIC = NO;
				GCC_ENABLE_CPP_EXCEPTIONS = NO;
				GCC_ENABLE_CPP_RTTI = NO;
				GCC_ENABLE_PASCAL_STRINGS = NO;
				GCC_INLINES_ARE_PRIVATE_EXTERN = YES;
				GCC_OPTIMIZATION_LEVEL = 3;
				GCC_PREPROCESSOR_DEFINITIONS = (
					PNG_PREFIX,
					PNGPREFIX_H,
					PNG_USE_READ_MACROS,
					V8_DEPRECATION_WARNINGS,
				);
				GCC_STRICT_ALIASING = NO;
				GCC_SYMBOLS_PRIVATE_EXTERN = YES;
				GCC_TREAT_WARNINGS_AS_ERRORS = NO;
				GCC_WARN_NON_VIRTUAL_DESTRUCTOR = YES;
				HEADER_SEARCH_PATHS = ..;
				LIBRARY_SEARCH_PATHS = (
					"$(SDKROOT)/System/Library/Frameworks",
					"",
				);
				OTHER_CFLAGS = "-fno-strict-aliasing";
				OTHER_LDFLAGS = "-Wl,-search_paths_first";
				PRODUCT_NAME = pdfium_test;
				SYMROOT = ../xcodebuild;
				USE_HEADERMAP = NO;
				WARNING_CFLAGS = (
					"-Wall",
					"-Wendif-labels",
					"-W",
					"-Wno-unused-parameter",
				);
			};
			name = Release;
		};
		1921E68C52227625BE93FDF0 /* Debug_x64 */ = {
			isa = XCBuildConfiguration;
			buildSettings = {
				ALWAYS_SEARCH_USER_PATHS = NO;
				CLANG_CXX_LANGUAGE_STANDARD = "c++0x";
				EXECUTABLE_PREFIX = "";
				GCC_CW_ASM_SYNTAX = NO;
				GCC_DYNAMIC_NO_PIC = NO;
				GCC_ENABLE_CPP_EXCEPTIONS = NO;
				GCC_ENABLE_CPP_RTTI = NO;
				GCC_ENABLE_PASCAL_STRINGS = NO;
				GCC_INLINES_ARE_PRIVATE_EXTERN = YES;
				GCC_OPTIMIZATION_LEVEL = 0;
				GCC_PREPROCESSOR_DEFINITIONS = (
					PNG_PREFIX,
					PNGPREFIX_H,
					PNG_USE_READ_MACROS,
					V8_DEPRECATION_WARNINGS,
				);
				GCC_SYMBOLS_PRIVATE_EXTERN = YES;
				GCC_TREAT_WARNINGS_AS_ERRORS = NO;
				GCC_WARN_NON_VIRTUAL_DESTRUCTOR = YES;
				HEADER_SEARCH_PATHS = ..;
				LIBRARY_SEARCH_PATHS = (
					"$(SDKROOT)/System/Library/Frameworks",
					"",
				);
				OTHER_CFLAGS = "-fno-strict-aliasing";
				OTHER_LDFLAGS = "-Wl,-search_paths_first";
				PRODUCT_NAME = pdfium_test;
				SYMROOT = ../xcodebuild;
				USE_HEADERMAP = NO;
				WARNING_CFLAGS = (
					"-Wall",
					"-Wendif-labels",
					"-W",
					"-Wno-unused-parameter",
				);
			};
			name = Debug_x64;
		};
		2219BBE9AFB220638824F84B /* Release */ = {
			isa = XCBuildConfiguration;
			buildSettings = {
				ALWAYS_SEARCH_USER_PATHS = NO;
				CLANG_CXX_LANGUAGE_STANDARD = "c++0x";
				EXECUTABLE_PREFIX = "";
				GCC_CW_ASM_SYNTAX = NO;
				GCC_DYNAMIC_NO_PIC = NO;
				GCC_ENABLE_CPP_EXCEPTIONS = NO;
				GCC_ENABLE_CPP_RTTI = NO;
				GCC_ENABLE_PASCAL_STRINGS = NO;
				GCC_INLINES_ARE_PRIVATE_EXTERN = YES;
				GCC_OPTIMIZATION_LEVEL = 3;
				GCC_PREPROCESSOR_DEFINITIONS = (
					PNG_PREFIX,
					PNGPREFIX_H,
					PNG_USE_READ_MACROS,
					V8_DEPRECATION_WARNINGS,
				);
				GCC_STRICT_ALIASING = NO;
				GCC_SYMBOLS_PRIVATE_EXTERN = YES;
				GCC_TREAT_WARNINGS_AS_ERRORS = NO;
				GCC_WARN_NON_VIRTUAL_DESTRUCTOR = YES;
				HEADER_SEARCH_PATHS = (
					..,
					../../,
				);
				LIBRARY_SEARCH_PATHS = (
					"$(SDKROOT)/System/Library/Frameworks",
					"",
				);
				OTHER_CFLAGS = "-fno-strict-aliasing";
				OTHER_LDFLAGS = "-Wl,-search_paths_first";
				PRODUCT_NAME = pdfium_diff;
				SYMROOT = ../xcodebuild;
				USE_HEADERMAP = NO;
				WARNING_CFLAGS = (
					"-Wall",
					"-Wendif-labels",
					"-W",
					"-Wno-unused-parameter",
				);
			};
			name = Release;
		};
		2268CEAEF240239EFE1CA26F /* Debug */ = {
			isa = XCBuildConfiguration;
			buildSettings = {
				INTERMEDIATE_DIR = "$(PROJECT_DERIVED_FILE_DIR)/$(CONFIGURATION)";
				SHARED_INTERMEDIATE_DIR = "$(SYMROOT)/DerivedSources/$(CONFIGURATION)";
				SYMROOT = ../xcodebuild;
			};
			name = Debug;
		};
		28B33767BEB7CFC094165CE6 /* Release */ = {
			isa = XCBuildConfiguration;
			buildSettings = {
				INTERMEDIATE_DIR = "$(PROJECT_DERIVED_FILE_DIR)/$(CONFIGURATION)";
				SHARED_INTERMEDIATE_DIR = "$(SYMROOT)/DerivedSources/$(CONFIGURATION)";
				SYMROOT = ../xcodebuild;
			};
			name = Release;
		};
		2A30CB7A15EFF67330B6A872 /* Release */ = {
			isa = XCBuildConfiguration;
			buildSettings = {
				ALWAYS_SEARCH_USER_PATHS = NO;
				CLANG_CXX_LANGUAGE_STANDARD = "c++0x";
				EXECUTABLE_PREFIX = lib;
				GCC_CW_ASM_SYNTAX = NO;
				GCC_DYNAMIC_NO_PIC = NO;
				GCC_ENABLE_CPP_EXCEPTIONS = NO;
				GCC_ENABLE_CPP_RTTI = NO;
				GCC_ENABLE_PASCAL_STRINGS = NO;
				GCC_INLINES_ARE_PRIVATE_EXTERN = YES;
				GCC_OPTIMIZATION_LEVEL = 3;
				GCC_PREPROCESSOR_DEFINITIONS = (
					PNG_PREFIX,
					PNGPREFIX_H,
					PNG_USE_READ_MACROS,
					V8_DEPRECATION_WARNINGS,
				);
				GCC_STRICT_ALIASING = NO;
				GCC_SYMBOLS_PRIVATE_EXTERN = YES;
				GCC_TREAT_WARNINGS_AS_ERRORS = NO;
				GCC_WARN_NON_VIRTUAL_DESTRUCTOR = YES;
				HEADER_SEARCH_PATHS = (
					..,
					../core/src/fxcodec/fx_zlib/include/,
				);
				OTHER_CFLAGS = "-fno-strict-aliasing";
				PRODUCT_NAME = fx_lpng;
				SYMROOT = ../xcodebuild;
				USE_HEADERMAP = NO;
				WARNING_CFLAGS = (
					"-Wall",
					"-Wendif-labels",
					"-W",
					"-Wno-unused-parameter",
				);
			};
			name = Release;
		};
		402C2FA0F8511E3F46EE55BA /* Release_x64 */ = {
			isa = XCBuildConfiguration;
			buildSettings = {
				INTERMEDIATE_DIR = "$(PROJECT_DERIVED_FILE_DIR)/$(CONFIGURATION)";
				SHARED_INTERMEDIATE_DIR = "$(SYMROOT)/DerivedSources/$(CONFIGURATION)";
				SYMROOT = ../xcodebuild;
			};
			name = Release_x64;
		};
		44443FE6785B9707A33DB174 /* Release_x64 */ = {
			isa = XCBuildConfiguration;
			buildSettings = {
				ALWAYS_SEARCH_USER_PATHS = NO;
				CLANG_CXX_LANGUAGE_STANDARD = "c++0x";
				EXECUTABLE_PREFIX = "";
				GCC_CW_ASM_SYNTAX = NO;
				GCC_DYNAMIC_NO_PIC = NO;
				GCC_ENABLE_CPP_EXCEPTIONS = NO;
				GCC_ENABLE_CPP_RTTI = NO;
				GCC_ENABLE_PASCAL_STRINGS = NO;
				GCC_INLINES_ARE_PRIVATE_EXTERN = YES;
				GCC_OPTIMIZATION_LEVEL = 3;
				GCC_PREPROCESSOR_DEFINITIONS = (
					PNG_PREFIX,
					PNGPREFIX_H,
					PNG_USE_READ_MACROS,
					V8_DEPRECATION_WARNINGS,
				);
				GCC_STRICT_ALIASING = NO;
				GCC_SYMBOLS_PRIVATE_EXTERN = YES;
				GCC_TREAT_WARNINGS_AS_ERRORS = NO;
				GCC_WARN_NON_VIRTUAL_DESTRUCTOR = YES;
				HEADER_SEARCH_PATHS = (
					..,
					../../,
				);
				LIBRARY_SEARCH_PATHS = (
					"$(SDKROOT)/System/Library/Frameworks",
					"",
				);
				OTHER_CFLAGS = "-fno-strict-aliasing";
				OTHER_LDFLAGS = "-Wl,-search_paths_first";
				PRODUCT_NAME = pdfium_diff;
				SYMROOT = ../xcodebuild;
				USE_HEADERMAP = NO;
				WARNING_CFLAGS = (
					"-Wall",
					"-Wendif-labels",
					"-W",
					"-Wno-unused-parameter",
				);
			};
			name = Release_x64;
		};
		4D535033ADC038B631B84B6A /* Debug_x64 */ = {
			isa = XCBuildConfiguration;
			buildSettings = {
				ALWAYS_SEARCH_USER_PATHS = NO;
				CLANG_CXX_LANGUAGE_STANDARD = "c++0x";
				EXECUTABLE_PREFIX = "";
				GCC_CW_ASM_SYNTAX = NO;
				GCC_DYNAMIC_NO_PIC = NO;
				GCC_ENABLE_CPP_EXCEPTIONS = NO;
				GCC_ENABLE_CPP_RTTI = NO;
				GCC_ENABLE_PASCAL_STRINGS = NO;
				GCC_INLINES_ARE_PRIVATE_EXTERN = YES;
				GCC_OPTIMIZATION_LEVEL = 0;
				GCC_PREPROCESSOR_DEFINITIONS = (
					PNG_PREFIX,
					PNGPREFIX_H,
					PNG_USE_READ_MACROS,
					V8_DEPRECATION_WARNINGS,
				);
				GCC_SYMBOLS_PRIVATE_EXTERN = YES;
				GCC_TREAT_WARNINGS_AS_ERRORS = NO;
				GCC_WARN_NON_VIRTUAL_DESTRUCTOR = YES;
				HEADER_SEARCH_PATHS = (
					..,
					../../,
				);
				LIBRARY_SEARCH_PATHS = (
					"$(SDKROOT)/System/Library/Frameworks",
					"",
				);
				OTHER_CFLAGS = "-fno-strict-aliasing";
				OTHER_LDFLAGS = "-Wl,-search_paths_first";
				PRODUCT_NAME = pdfium_diff;
				SYMROOT = ../xcodebuild;
				USE_HEADERMAP = NO;
				WARNING_CFLAGS = (
					"-Wall",
					"-Wendif-labels",
					"-W",
					"-Wno-unused-parameter",
				);
			};
			name = Debug_x64;
		};
		4E17190E04E00F86ED2BFA06 /* Debug_x64 */ = {
			isa = XCBuildConfiguration;
			buildSettings = {
				INTERMEDIATE_DIR = "$(PROJECT_DERIVED_FILE_DIR)/$(CONFIGURATION)";
				SHARED_INTERMEDIATE_DIR = "$(SYMROOT)/DerivedSources/$(CONFIGURATION)";
				SYMROOT = ../xcodebuild;
			};
			name = Debug_x64;
		};
		5058E60E3DACA415B3EECB11 /* Debug */ = {
			isa = XCBuildConfiguration;
			buildSettings = {
				PRODUCT_NAME = All;
			};
			name = Debug;
		};
		53D22D06A2AE422515FC6BA7 /* Debug_x64 */ = {
			isa = XCBuildConfiguration;
			buildSettings = {
				ALWAYS_SEARCH_USER_PATHS = NO;
				CLANG_CXX_LANGUAGE_STANDARD = "c++0x";
				EXECUTABLE_PREFIX = lib;
				GCC_CW_ASM_SYNTAX = NO;
				GCC_DYNAMIC_NO_PIC = NO;
				GCC_ENABLE_CPP_EXCEPTIONS = NO;
				GCC_ENABLE_CPP_RTTI = NO;
				GCC_ENABLE_PASCAL_STRINGS = NO;
				GCC_INLINES_ARE_PRIVATE_EXTERN = YES;
				GCC_OPTIMIZATION_LEVEL = 0;
				GCC_PREPROCESSOR_DEFINITIONS = (
					PNG_PREFIX,
					PNGPREFIX_H,
					PNG_USE_READ_MACROS,
					V8_DEPRECATION_WARNINGS,
				);
				GCC_SYMBOLS_PRIVATE_EXTERN = YES;
				GCC_TREAT_WARNINGS_AS_ERRORS = NO;
				GCC_WARN_NON_VIRTUAL_DESTRUCTOR = YES;
				HEADER_SEARCH_PATHS = (
					..,
					../core/src/fxcodec/fx_zlib/include/,
				);
				OTHER_CFLAGS = "-fno-strict-aliasing";
				PRODUCT_NAME = fx_lpng;
				SYMROOT = ../xcodebuild;
				USE_HEADERMAP = NO;
				WARNING_CFLAGS = (
					"-Wall",
					"-Wendif-labels",
					"-W",
					"-Wno-unused-parameter",
				);
			};
			name = Debug_x64;
		};
		65678667B890B51577D79EBB /* Debug */ = {
			isa = XCBuildConfiguration;
			buildSettings = {
				ALWAYS_SEARCH_USER_PATHS = NO;
				CLANG_CXX_LANGUAGE_STANDARD = "c++0x";
				EXECUTABLE_PREFIX = lib;
				GCC_CW_ASM_SYNTAX = NO;
				GCC_DYNAMIC_NO_PIC = NO;
				GCC_ENABLE_CPP_EXCEPTIONS = NO;
				GCC_ENABLE_CPP_RTTI = NO;
				GCC_ENABLE_PASCAL_STRINGS = NO;
				GCC_INLINES_ARE_PRIVATE_EXTERN = YES;
				GCC_OPTIMIZATION_LEVEL = 0;
				GCC_PREPROCESSOR_DEFINITIONS = (
					PNG_PREFIX,
					PNGPREFIX_H,
					PNG_USE_READ_MACROS,
					V8_DEPRECATION_WARNINGS,
				);
				GCC_SYMBOLS_PRIVATE_EXTERN = YES;
				GCC_TREAT_WARNINGS_AS_ERRORS = NO;
				GCC_WARN_NON_VIRTUAL_DESTRUCTOR = YES;
				HEADER_SEARCH_PATHS = (
					..,
					../core/src/fxcodec/fx_zlib/include/,
				);
				OTHER_CFLAGS = "-fno-strict-aliasing";
				PRODUCT_NAME = fx_lpng;
				SYMROOT = ../xcodebuild;
				USE_HEADERMAP = NO;
				WARNING_CFLAGS = (
					"-Wall",
					"-Wendif-labels",
					"-W",
					"-Wno-unused-parameter",
				);
			};
			name = Debug;
		};
		7C726A7032D2A4693D8E3E53 /* Debug */ = {
			isa = XCBuildConfiguration;
			buildSettings = {
				ALWAYS_SEARCH_USER_PATHS = NO;
				CLANG_CXX_LANGUAGE_STANDARD = "c++0x";
				EXECUTABLE_PREFIX = "";
				GCC_CW_ASM_SYNTAX = NO;
				GCC_DYNAMIC_NO_PIC = NO;
				GCC_ENABLE_CPP_EXCEPTIONS = NO;
				GCC_ENABLE_CPP_RTTI = NO;
				GCC_ENABLE_PASCAL_STRINGS = NO;
				GCC_INLINES_ARE_PRIVATE_EXTERN = YES;
				GCC_OPTIMIZATION_LEVEL = 0;
				GCC_PREPROCESSOR_DEFINITIONS = (
					PNG_PREFIX,
					PNGPREFIX_H,
					PNG_USE_READ_MACROS,
					V8_DEPRECATION_WARNINGS,
				);
				GCC_SYMBOLS_PRIVATE_EXTERN = YES;
				GCC_TREAT_WARNINGS_AS_ERRORS = NO;
				GCC_WARN_NON_VIRTUAL_DESTRUCTOR = YES;
				HEADER_SEARCH_PATHS = (
					..,
					../../,
				);
				LIBRARY_SEARCH_PATHS = (
					"$(SDKROOT)/System/Library/Frameworks",
					"",
				);
				OTHER_CFLAGS = "-fno-strict-aliasing";
				OTHER_LDFLAGS = "-Wl,-search_paths_first";
				PRODUCT_NAME = pdfium_diff;
				SYMROOT = ../xcodebuild;
				USE_HEADERMAP = NO;
				WARNING_CFLAGS = (
					"-Wall",
					"-Wendif-labels",
					"-W",
					"-Wno-unused-parameter",
				);
			};
			name = Debug;
		};
		7DE45881865CCE3F34CD24E9 /* Debug_x64 */ = {
			isa = XCBuildConfiguration;
			buildSettings = {
				PRODUCT_NAME = All;
			};
			name = Debug_x64;
		};
		A0C41CB6FD7E7ECEC0C07C62 /* Release */ = {
			isa = XCBuildConfiguration;
			buildSettings = {
				PRODUCT_NAME = All;
			};
			name = Release;
		};
		DDC876BF5AACCD62DB3CB36F /* Release_x64 */ = {
			isa = XCBuildConfiguration;
			buildSettings = {
				PRODUCT_NAME = All;
			};
			name = Release_x64;
		};
		E0CDA73309E86D416ADF5EEF /* Release_x64 */ = {
			isa = XCBuildConfiguration;
			buildSettings = {
				ALWAYS_SEARCH_USER_PATHS = NO;
				CLANG_CXX_LANGUAGE_STANDARD = "c++0x";
				EXECUTABLE_PREFIX = "";
				GCC_CW_ASM_SYNTAX = NO;
				GCC_DYNAMIC_NO_PIC = NO;
				GCC_ENABLE_CPP_EXCEPTIONS = NO;
				GCC_ENABLE_CPP_RTTI = NO;
				GCC_ENABLE_PASCAL_STRINGS = NO;
				GCC_INLINES_ARE_PRIVATE_EXTERN = YES;
				GCC_OPTIMIZATION_LEVEL = 3;
				GCC_PREPROCESSOR_DEFINITIONS = (
					PNG_PREFIX,
					PNGPREFIX_H,
					PNG_USE_READ_MACROS,
					V8_DEPRECATION_WARNINGS,
				);
				GCC_STRICT_ALIASING = NO;
				GCC_SYMBOLS_PRIVATE_EXTERN = YES;
				GCC_TREAT_WARNINGS_AS_ERRORS = NO;
				GCC_WARN_NON_VIRTUAL_DESTRUCTOR = YES;
				HEADER_SEARCH_PATHS = ..;
				LIBRARY_SEARCH_PATHS = (
					"$(SDKROOT)/System/Library/Frameworks",
					"",
				);
				OTHER_CFLAGS = "-fno-strict-aliasing";
				OTHER_LDFLAGS = "-Wl,-search_paths_first";
				PRODUCT_NAME = pdfium_test;
				SYMROOT = ../xcodebuild;
				USE_HEADERMAP = NO;
				WARNING_CFLAGS = (
					"-Wall",
					"-Wendif-labels",
					"-W",
					"-Wno-unused-parameter",
				);
			};
			name = Release_x64;
		};
		F1DDE0FA4E116D4D60F1A133 /* Debug */ = {
			isa = XCBuildConfiguration;
			buildSettings = {
				ALWAYS_SEARCH_USER_PATHS = NO;
				CLANG_CXX_LANGUAGE_STANDARD = "c++0x";
				EXECUTABLE_PREFIX = "";
				GCC_CW_ASM_SYNTAX = NO;
				GCC_DYNAMIC_NO_PIC = NO;
				GCC_ENABLE_CPP_EXCEPTIONS = NO;
				GCC_ENABLE_CPP_RTTI = NO;
				GCC_ENABLE_PASCAL_STRINGS = NO;
				GCC_INLINES_ARE_PRIVATE_EXTERN = YES;
				GCC_OPTIMIZATION_LEVEL = 0;
				GCC_PREPROCESSOR_DEFINITIONS = (
					PNG_PREFIX,
					PNGPREFIX_H,
					PNG_USE_READ_MACROS,
					V8_DEPRECATION_WARNINGS,
				);
				GCC_SYMBOLS_PRIVATE_EXTERN = YES;
				GCC_TREAT_WARNINGS_AS_ERRORS = NO;
				GCC_WARN_NON_VIRTUAL_DESTRUCTOR = YES;
				HEADER_SEARCH_PATHS = ..;
				LIBRARY_SEARCH_PATHS = (
					"$(SDKROOT)/System/Library/Frameworks",
					"",
				);
				OTHER_CFLAGS = "-fno-strict-aliasing";
				OTHER_LDFLAGS = "-Wl,-search_paths_first";
				PRODUCT_NAME = pdfium_test;
				SYMROOT = ../xcodebuild;
				USE_HEADERMAP = NO;
				WARNING_CFLAGS = (
					"-Wall",
					"-Wendif-labels",
					"-W",
					"-Wno-unused-parameter",
				);
			};
			name = Debug;
		};
		FE79A240BAAF91A28E4AABDB /* Release_x64 */ = {
			isa = XCBuildConfiguration;
			buildSettings = {
				ALWAYS_SEARCH_USER_PATHS = NO;
				CLANG_CXX_LANGUAGE_STANDARD = "c++0x";
				EXECUTABLE_PREFIX = lib;
				GCC_CW_ASM_SYNTAX = NO;
				GCC_DYNAMIC_NO_PIC = NO;
				GCC_ENABLE_CPP_EXCEPTIONS = NO;
				GCC_ENABLE_CPP_RTTI = NO;
				GCC_ENABLE_PASCAL_STRINGS = NO;
				GCC_INLINES_ARE_PRIVATE_EXTERN = YES;
				GCC_OPTIMIZATION_LEVEL = 3;
				GCC_PREPROCESSOR_DEFINITIONS = (
					PNG_PREFIX,
					PNGPREFIX_H,
					PNG_USE_READ_MACROS,
					V8_DEPRECATION_WARNINGS,
				);
				GCC_STRICT_ALIASING = NO;
				GCC_SYMBOLS_PRIVATE_EXTERN = YES;
				GCC_TREAT_WARNINGS_AS_ERRORS = NO;
				GCC_WARN_NON_VIRTUAL_DESTRUCTOR = YES;
				HEADER_SEARCH_PATHS = (
					..,
					../core/src/fxcodec/fx_zlib/include/,
				);
				OTHER_CFLAGS = "-fno-strict-aliasing";
				PRODUCT_NAME = fx_lpng;
				SYMROOT = ../xcodebuild;
				USE_HEADERMAP = NO;
				WARNING_CFLAGS = (
					"-Wall",
					"-Wendif-labels",
					"-W",
					"-Wno-unused-parameter",
				);
			};
			name = Release_x64;
		};
/* End XCBuildConfiguration section */

/* Begin XCConfigurationList section */
		131BDDE793F5EDF1F775B801 /* Build configuration list for PBXAggregateTarget "All" */ = {
			isa = XCConfigurationList;
			buildConfigurations = (
				A0C41CB6FD7E7ECEC0C07C62 /* Release */,
				5058E60E3DACA415B3EECB11 /* Debug */,
				7DE45881865CCE3F34CD24E9 /* Debug_x64 */,
				DDC876BF5AACCD62DB3CB36F /* Release_x64 */,
			);
			defaultConfigurationIsVisible = 1;
			defaultConfigurationName = Release;
		};
		49C20C9CD80DECAA7F844F6D /* Build configuration list for PBXNativeTarget "pdfium_diff" */ = {
			isa = XCConfigurationList;
			buildConfigurations = (
				2219BBE9AFB220638824F84B /* Release */,
				7C726A7032D2A4693D8E3E53 /* Debug */,
				4D535033ADC038B631B84B6A /* Debug_x64 */,
				44443FE6785B9707A33DB174 /* Release_x64 */,
			);
			defaultConfigurationIsVisible = 1;
			defaultConfigurationName = Release;
		};
		E5583FFF126F7817780647E0 /* Build configuration list for PBXNativeTarget "fx_lpng" */ = {
			isa = XCConfigurationList;
			buildConfigurations = (
				2A30CB7A15EFF67330B6A872 /* Release */,
				65678667B890B51577D79EBB /* Debug */,
				53D22D06A2AE422515FC6BA7 /* Debug_x64 */,
				FE79A240BAAF91A28E4AABDB /* Release_x64 */,
			);
			defaultConfigurationIsVisible = 1;
			defaultConfigurationName = Release;
		};
		E679CA38ECF87F28BECE8767 /* Build configuration list for PBXProject "samples" */ = {
			isa = XCConfigurationList;
			buildConfigurations = (
				28B33767BEB7CFC094165CE6 /* Release */,
				2268CEAEF240239EFE1CA26F /* Debug */,
				4E17190E04E00F86ED2BFA06 /* Debug_x64 */,
				402C2FA0F8511E3F46EE55BA /* Release_x64 */,
			);
			defaultConfigurationIsVisible = 1;
			defaultConfigurationName = Release;
		};
		E814DF39090B0E194BE83A87 /* Build configuration list for PBXNativeTarget "pdfium_test" */ = {
			isa = XCConfigurationList;
			buildConfigurations = (
				0EF8B8F14AF24CE46A568FA6 /* Release */,
				F1DDE0FA4E116D4D60F1A133 /* Debug */,
				1921E68C52227625BE93FDF0 /* Debug_x64 */,
				E0CDA73309E86D416ADF5EEF /* Release_x64 */,
			);
			defaultConfigurationIsVisible = 1;
			defaultConfigurationName = Release;
		};
/* End XCConfigurationList section */
	};
	rootObject = D173C88AE23796AF9607E9D9 /* Project object */;
}
